
Microsoft Visual Studio Solution File, Format Version 12.00
# Visual Studio 15
VisualStudioVersion = 15.0.27428.2015
MinimumVisualStudioVersion = 10.0.40219.1
Project("{FAE04EC0-301F-11D3-BF4B-00C04F79EFBC}") = "EngineCore", "EngineCore\EngineCore.csproj", "{1298F7E5-4A7B-469E-98BB-F9AC7889EC2C}"
EndProject
Project("{9A19103F-16F7-4668-BE54-9A1E7A4F7556}") = "EngineUtil", "EngineUtil\EngineUtil.csproj", "{6440B9BB-8545-4D8F-9F89-B8A876CC9977}"
EndProject
Project("{2150E333-8FDC-42A3-9474-1A3956D46DE8}") = "Tests", "Tests", "{087A843D-7E0E-4B5F-BC95-FB999ADF0BE1}"
EndProject
Project("{FAE04EC0-301F-11D3-BF4B-00C04F79EFBC}") = "TestEngineUtil", "TestEngineUtil\TestEngineUtil.csproj", "{42416EA1-B42D-4B1A-A093-5B3B1304846E}"
EndProject
Project("{FAE04EC0-301F-11D3-BF4B-00C04F79EFBC}") = "ClientCore", "ClientCore\ClientCore.csproj", "{DF493F51-F329-4B51-9715-272E303983F3}"
EndProject
Project("{FAE04EC0-301F-11D3-BF4B-00C04F79EFBC}") = "Engine8Client", "Engine8Client\Engine8Client.csproj", "{DFD41CDD-7C12-476F-BD03-E9AEDDD1EC91}"
EndProject
Project("{2150E333-8FDC-42A3-9474-1A3956D46DE8}") = "Client", "Client", "{DF89049A-7B30-48E2-8C92-485985286625}"
EndProject
Project("{2150E333-8FDC-42A3-9474-1A3956D46DE8}") = "Common", "Common", "{95A8D61C-C1C5-4DF8-9B05-08418D07149C}"
EndProject
Project("{FAE04EC0-301F-11D3-BF4B-00C04F79EFBC}") = "TestClientCore", "TestClientCore\TestClientCore.csproj", "{3FFCA1BD-6501-4790-AE60-6DFF666FF4B7}"
EndProject
Project("{2150E333-8FDC-42A3-9474-1A3956D46DE8}") = "Server", "Server", "{33554031-434D-48E2-9279-D48C9A503EF7}"
EndProject
Project("{9A19103F-16F7-4668-BE54-9A1E7A4F7556}") = "Engine8Server", "Engine8Server\Engine8Server.csproj", "{ED6E075E-EF6B-4604-8F30-B95417B2BFC2}"
EndProject
Global
	GlobalSection(SolutionConfigurationPlatforms) = preSolution
		Debug|Any CPU = Debug|Any CPU
		Debug|x64 = Debug|x64
		Release|Any CPU = Release|Any CPU
		Release|x64 = Release|x64
	EndGlobalSection
	GlobalSection(ProjectConfigurationPlatforms) = postSolution
		{1298F7E5-4A7B-469E-98BB-F9AC7889EC2C}.Debug|Any CPU.ActiveCfg = Debug|Any CPU
		{1298F7E5-4A7B-469E-98BB-F9AC7889EC2C}.Debug|Any CPU.Build.0 = Debug|Any CPU
		{1298F7E5-4A7B-469E-98BB-F9AC7889EC2C}.Debug|x64.ActiveCfg = Debug|x64
		{1298F7E5-4A7B-469E-98BB-F9AC7889EC2C}.Debug|x64.Build.0 = Debug|x64
		{1298F7E5-4A7B-469E-98BB-F9AC7889EC2C}.Release|Any CPU.ActiveCfg = Release|Any CPU
		{1298F7E5-4A7B-469E-98BB-F9AC7889EC2C}.Release|Any CPU.Build.0 = Release|Any CPU
		{1298F7E5-4A7B-469E-98BB-F9AC7889EC2C}.Release|x64.ActiveCfg = Release|x64
		{1298F7E5-4A7B-469E-98BB-F9AC7889EC2C}.Release|x64.Build.0 = Release|x64
		{6440B9BB-8545-4D8F-9F89-B8A876CC9977}.Debug|Any CPU.ActiveCfg = Debug|Any CPU
		{6440B9BB-8545-4D8F-9F89-B8A876CC9977}.Debug|Any CPU.Build.0 = Debug|Any CPU
		{6440B9BB-8545-4D8F-9F89-B8A876CC9977}.Debug|x64.ActiveCfg = Debug|x64
		{6440B9BB-8545-4D8F-9F89-B8A876CC9977}.Debug|x64.Build.0 = Debug|x64
		{6440B9BB-8545-4D8F-9F89-B8A876CC9977}.Release|Any CPU.ActiveCfg = Release|Any CPU
		{6440B9BB-8545-4D8F-9F89-B8A876CC9977}.Release|Any CPU.Build.0 = Release|Any CPU
		{6440B9BB-8545-4D8F-9F89-B8A876CC9977}.Release|x64.ActiveCfg = Release|x64
		{6440B9BB-8545-4D8F-9F89-B8A876CC9977}.Release|x64.Build.0 = Release|x64
		{42416EA1-B42D-4B1A-A093-5B3B1304846E}.Debug|Any CPU.ActiveCfg = Debug|Any CPU
		{42416EA1-B42D-4B1A-A093-5B3B1304846E}.Debug|Any CPU.Build.0 = Debug|Any CPU
		{42416EA1-B42D-4B1A-A093-5B3B1304846E}.Debug|x64.ActiveCfg = Debug|x64
		{42416EA1-B42D-4B1A-A093-5B3B1304846E}.Debug|x64.Build.0 = Debug|x64
		{42416EA1-B42D-4B1A-A093-5B3B1304846E}.Release|Any CPU.ActiveCfg = Release|Any CPU
		{42416EA1-B42D-4B1A-A093-5B3B1304846E}.Release|Any CPU.Build.0 = Release|Any CPU
		{42416EA1-B42D-4B1A-A093-5B3B1304846E}.Release|x64.ActiveCfg = Release|x64
		{42416EA1-B42D-4B1A-A093-5B3B1304846E}.Release|x64.Build.0 = Release|x64
		{DF493F51-F329-4B51-9715-272E303983F3}.Debug|Any CPU.ActiveCfg = Debug|Any CPU
		{DF493F51-F329-4B51-9715-272E303983F3}.Debug|Any CPU.Build.0 = Debug|Any CPU
		{DF493F51-F329-4B51-9715-272E303983F3}.Debug|x64.ActiveCfg = Debug|Any CPU
		{DF493F51-F329-4B51-9715-272E303983F3}.Debug|x64.Build.0 = Debug|Any CPU
		{DF493F51-F329-4B51-9715-272E303983F3}.Release|Any CPU.ActiveCfg = Release|Any CPU
		{DF493F51-F329-4B51-9715-272E303983F3}.Release|Any CPU.Build.0 = Release|Any CPU
		{DF493F51-F329-4B51-9715-272E303983F3}.Release|x64.ActiveCfg = Release|x64
		{DF493F51-F329-4B51-9715-272E303983F3}.Release|x64.Build.0 = Release|x64
		{DFD41CDD-7C12-476F-BD03-E9AEDDD1EC91}.Debug|Any CPU.ActiveCfg = Debug|Any CPU
		{DFD41CDD-7C12-476F-BD03-E9AEDDD1EC91}.Debug|Any CPU.Build.0 = Debug|Any CPU
		{DFD41CDD-7C12-476F-BD03-E9AEDDD1EC91}.Debug|x64.ActiveCfg = Debug|x64
		{DFD41CDD-7C12-476F-BD03-E9AEDDD1EC91}.Debug|x64.Build.0 = Debug|x64
		{DFD41CDD-7C12-476F-BD03-E9AEDDD1EC91}.Release|Any CPU.ActiveCfg = Release|Any CPU
		{DFD41CDD-7C12-476F-BD03-E9AEDDD1EC91}.Release|Any CPU.Build.0 = Release|Any CPU
		{DFD41CDD-7C12-476F-BD03-E9AEDDD1EC91}.Release|x64.ActiveCfg = Release|x64
		{DFD41CDD-7C12-476F-BD03-E9AEDDD1EC91}.Release|x64.Build.0 = Release|x64
		{3FFCA1BD-6501-4790-AE60-6DFF666FF4B7}.Debug|Any CPU.ActiveCfg = Debug|Any CPU
		{3FFCA1BD-6501-4790-AE60-6DFF666FF4B7}.Debug|Any CPU.Build.0 = Debug|Any CPU
		{3FFCA1BD-6501-4790-AE60-6DFF666FF4B7}.Debug|x64.ActiveCfg = Debug|x64
		{3FFCA1BD-6501-4790-AE60-6DFF666FF4B7}.Debug|x64.Build.0 = Debug|x64
		{3FFCA1BD-6501-4790-AE60-6DFF666FF4B7}.Release|Any CPU.ActiveCfg = Release|Any CPU
		{3FFCA1BD-6501-4790-AE60-6DFF666FF4B7}.Release|Any CPU.Build.0 = Release|Any CPU
		{3FFCA1BD-6501-4790-AE60-6DFF666FF4B7}.Release|x64.ActiveCfg = Release|x64
		{3FFCA1BD-6501-4790-AE60-6DFF666FF4B7}.Release|x64.Build.0 = Release|x64
		{ED6E075E-EF6B-4604-8F30-B95417B2BFC2}.Debug|Any CPU.ActiveCfg = Debug|Any CPU
		{ED6E075E-EF6B-4604-8F30-B95417B2BFC2}.Debug|Any CPU.Build.0 = Debug|Any CPU
		{ED6E075E-EF6B-4604-8F30-B95417B2BFC2}.Debug|x64.ActiveCfg = Debug|x64
		{ED6E075E-EF6B-4604-8F30-B95417B2BFC2}.Debug|x64.Build.0 = Debug|x64
		{ED6E075E-EF6B-4604-8F30-B95417B2BFC2}.Release|Any CPU.ActiveCfg = Release|Any CPU
		{ED6E075E-EF6B-4604-8F30-B95417B2BFC2}.Release|Any CPU.Build.0 = Release|Any CPU
		{ED6E075E-EF6B-4604-8F30-B95417B2BFC2}.Release|x64.ActiveCfg = Release|x64
		{ED6E075E-EF6B-4604-8F30-B95417B2BFC2}.Release|x64.Build.0 = Release|x64
	EndGlobalSection
	GlobalSection(SolutionProperties) = preSolution
		HideSolutionNode = FALSE
	EndGlobalSection
	GlobalSection(NestedProjects) = preSolution
		{1298F7E5-4A7B-469E-98BB-F9AC7889EC2C} = {95A8D61C-C1C5-4DF8-9B05-08418D07149C}
		{6440B9BB-8545-4D8F-9F89-B8A876CC9977} = {95A8D61C-C1C5-4DF8-9B05-08418D07149C}
		{42416EA1-B42D-4B1A-A093-5B3B1304846E} = {087A843D-7E0E-4B5F-BC95-FB999ADF0BE1}
		{DF493F51-F329-4B51-9715-272E303983F3} = {DF89049A-7B30-48E2-8C92-485985286625}
		{DFD41CDD-7C12-476F-BD03-E9AEDDD1EC91} = {DF89049A-7B30-48E2-8C92-485985286625}
		{3FFCA1BD-6501-4790-AE60-6DFF666FF4B7} = {087A843D-7E0E-4B5F-BC95-FB999ADF0BE1}
		{ED6E075E-EF6B-4604-8F30-B95417B2BFC2} = {33554031-434D-48E2-9279-D48C9A503EF7}
	EndGlobalSection
	GlobalSection(ExtensibilityGlobals) = postSolution
		SolutionGuid = {E670FE68-129E-4BAD-81F4-63826ED86E67}
	EndGlobalSection
EndGlobal
