
Microsoft Visual Studio Solution File, Format Version 12.00
# Visual Studio Version 16
VisualStudioVersion = 16.0.28803.202
MinimumVisualStudioVersion = 10.0.40219.1
Project("{9A19103F-16F7-4668-BE54-9A1E7A4F7556}") = "EngineUtil", "EngineUtil\EngineUtil.csproj", "{6440B9BB-8545-4D8F-9F89-B8A876CC9977}"
EndProject
Project("{2150E333-8FDC-42A3-9474-1A3956D46DE8}") = "Tests", "Tests", "{087A843D-7E0E-4B5F-BC95-FB999ADF0BE1}"
EndProject
Project("{FAE04EC0-301F-11D3-BF4B-00C04F79EFBC}") = "TestEngineUtil", "TestEngineUtil\TestEngineUtil.csproj", "{42416EA1-B42D-4B1A-A093-5B3B1304846E}"
EndProject
Project("{FAE04EC0-301F-11D3-BF4B-00C04F79EFBC}") = "ClientCore", "ClientCore\ClientCore.csproj", "{DF493F51-F329-4B51-9715-272E303983F3}"
EndProject
Project("{FAE04EC0-301F-11D3-BF4B-00C04F79EFBC}") = "SovereignClient", "SovereignClient\SovereignClient.csproj", "{DFD41CDD-7C12-476F-BD03-E9AEDDD1EC91}"
EndProject
Project("{2150E333-8FDC-42A3-9474-1A3956D46DE8}") = "Client", "Client", "{DF89049A-7B30-48E2-8C92-485985286625}"
EndProject
Project("{2150E333-8FDC-42A3-9474-1A3956D46DE8}") = "Common", "Common", "{95A8D61C-C1C5-4DF8-9B05-08418D07149C}"
EndProject
Project("{2150E333-8FDC-42A3-9474-1A3956D46DE8}") = "Server", "Server", "{33554031-434D-48E2-9279-D48C9A503EF7}"
EndProject
Project("{9A19103F-16F7-4668-BE54-9A1E7A4F7556}") = "SovereignServer", "SovereignServer\SovereignServer.csproj", "{ED6E075E-EF6B-4604-8F30-B95417B2BFC2}"
EndProject
Project("{FAE04EC0-301F-11D3-BF4B-00C04F79EFBC}") = "D3D11Renderer", "D3D11Renderer\D3D11Renderer.csproj", "{7DBBAAAE-6EBD-4F8A-A225-AEE0112D6A5B}"
EndProject
Project("{9A19103F-16F7-4668-BE54-9A1E7A4F7556}") = "WorldLib", "WorldLib\WorldLib.csproj", "{DF1A3BA3-4DF6-4410-B335-60E792D6216B}"
EndProject
Project("{9A19103F-16F7-4668-BE54-9A1E7A4F7556}") = "WorldGen", "WorldGen\WorldGen.csproj", "{EE6B6707-1C8E-41C0-A302-033E6B2F0F15}"
EndProject
Project("{9A19103F-16F7-4668-BE54-9A1E7A4F7556}") = "StandaloneWorldGen", "StandaloneWorldGen\StandaloneWorldGen.csproj", "{29F7107D-DBDD-4834-829C-3392C3651F8F}"
EndProject
Project("{8BC9CEB8-8B4A-11D0-8D11-00A0C91BC942}") = "Shaders", "Shaders\Shaders.vcxproj", "{10B84ACE-B05C-4636-B484-E9EDF42210DF}"
EndProject
Project("{9A19103F-16F7-4668-BE54-9A1E7A4F7556}") = "ServerCore", "ServerCore\ServerCore.csproj", "{64DA21C0-6546-405A-9F6E-DEB8F729CF51}"
EndProject
Project("{9A19103F-16F7-4668-BE54-9A1E7A4F7556}") = "EngineCore", "EngineCore\EngineCore.csproj", "{D3D0B582-3B04-465A-B641-6A3919D9B1C5}"
EndProject
Project("{9A19103F-16F7-4668-BE54-9A1E7A4F7556}") = "Persistence", "Persistence\Persistence.csproj", "{EB9EB3F0-32F1-4E06-8220-A7CF9BD9F961}"
EndProject
Project("{9A19103F-16F7-4668-BE54-9A1E7A4F7556}") = "TestPersistence", "TestPersistence\TestPersistence.csproj", "{2E19DFCB-5F60-48E3-BCBA-D152997EE890}"
EndProject
Project("{9A19103F-16F7-4668-BE54-9A1E7A4F7556}") = "WorldManagement", "WorldManagement\WorldManagement.csproj", "{4CD78F23-A60D-416D-AD48-DD54A7ED7B89}"
EndProject
Project("{9A19103F-16F7-4668-BE54-9A1E7A4F7556}") = "NetworkCore", "NetworkCore\NetworkCore.csproj", "{ACE0B021-39AB-4696-8FD2-FE585118718C}"
EndProject
Project("{9A19103F-16F7-4668-BE54-9A1E7A4F7556}") = "ServerNetwork", "ServerNetwork\ServerNetwork.csproj", "{AA4D3E06-7660-4DB8-911E-90FC1DAFA06D}"
EndProject
Project("{FAE04EC0-301F-11D3-BF4B-00C04F79EFBC}") = "ClientNetwork", "ClientNetwork\ClientNetwork.csproj", "{8F38E967-2362-42FC-937A-442579BFD909}"
EndProject
Project("{9A19103F-16F7-4668-BE54-9A1E7A4F7556}") = "Accounts", "Accounts\Accounts.csproj", "{28E9D970-352C-45AD-9774-DD1C40706443}"
EndProject
Project("{FAE04EC0-301F-11D3-BF4B-00C04F79EFBC}") = "Performance", "Performance\Performance.csproj", "{013FEE44-5812-4851-B375-3C61228BB23C}"
EndProject
Global
	GlobalSection(SolutionConfigurationPlatforms) = preSolution
		Debug|Any CPU = Debug|Any CPU
		Debug|x64 = Debug|x64
		Debug|x86 = Debug|x86
		Release|Any CPU = Release|Any CPU
		Release|x64 = Release|x64
		Release|x86 = Release|x86
	EndGlobalSection
	GlobalSection(ProjectConfigurationPlatforms) = postSolution
		{6440B9BB-8545-4D8F-9F89-B8A876CC9977}.Debug|Any CPU.ActiveCfg = Debug|Any CPU
		{6440B9BB-8545-4D8F-9F89-B8A876CC9977}.Debug|Any CPU.Build.0 = Debug|Any CPU
		{6440B9BB-8545-4D8F-9F89-B8A876CC9977}.Debug|x64.ActiveCfg = Debug|x64
		{6440B9BB-8545-4D8F-9F89-B8A876CC9977}.Debug|x64.Build.0 = Debug|x64
		{6440B9BB-8545-4D8F-9F89-B8A876CC9977}.Debug|x86.ActiveCfg = Debug|Any CPU
		{6440B9BB-8545-4D8F-9F89-B8A876CC9977}.Debug|x86.Build.0 = Debug|Any CPU
		{6440B9BB-8545-4D8F-9F89-B8A876CC9977}.Release|Any CPU.ActiveCfg = Release|Any CPU
		{6440B9BB-8545-4D8F-9F89-B8A876CC9977}.Release|Any CPU.Build.0 = Release|Any CPU
		{6440B9BB-8545-4D8F-9F89-B8A876CC9977}.Release|x64.ActiveCfg = Release|x64
		{6440B9BB-8545-4D8F-9F89-B8A876CC9977}.Release|x64.Build.0 = Release|x64
		{6440B9BB-8545-4D8F-9F89-B8A876CC9977}.Release|x86.ActiveCfg = Release|Any CPU
		{6440B9BB-8545-4D8F-9F89-B8A876CC9977}.Release|x86.Build.0 = Release|Any CPU
		{42416EA1-B42D-4B1A-A093-5B3B1304846E}.Debug|Any CPU.ActiveCfg = Debug|Any CPU
		{42416EA1-B42D-4B1A-A093-5B3B1304846E}.Debug|Any CPU.Build.0 = Debug|Any CPU
		{42416EA1-B42D-4B1A-A093-5B3B1304846E}.Debug|x64.ActiveCfg = Debug|x64
		{42416EA1-B42D-4B1A-A093-5B3B1304846E}.Debug|x64.Build.0 = Debug|x64
		{42416EA1-B42D-4B1A-A093-5B3B1304846E}.Debug|x86.ActiveCfg = Debug|Any CPU
		{42416EA1-B42D-4B1A-A093-5B3B1304846E}.Debug|x86.Build.0 = Debug|Any CPU
		{42416EA1-B42D-4B1A-A093-5B3B1304846E}.Release|Any CPU.ActiveCfg = Release|Any CPU
		{42416EA1-B42D-4B1A-A093-5B3B1304846E}.Release|Any CPU.Build.0 = Release|Any CPU
		{42416EA1-B42D-4B1A-A093-5B3B1304846E}.Release|x64.ActiveCfg = Release|x64
		{42416EA1-B42D-4B1A-A093-5B3B1304846E}.Release|x64.Build.0 = Release|x64
		{42416EA1-B42D-4B1A-A093-5B3B1304846E}.Release|x86.ActiveCfg = Release|Any CPU
		{42416EA1-B42D-4B1A-A093-5B3B1304846E}.Release|x86.Build.0 = Release|Any CPU
		{DF493F51-F329-4B51-9715-272E303983F3}.Debug|Any CPU.ActiveCfg = Debug|Any CPU
		{DF493F51-F329-4B51-9715-272E303983F3}.Debug|Any CPU.Build.0 = Debug|Any CPU
		{DF493F51-F329-4B51-9715-272E303983F3}.Debug|x64.ActiveCfg = Debug|Any CPU
		{DF493F51-F329-4B51-9715-272E303983F3}.Debug|x64.Build.0 = Debug|Any CPU
		{DF493F51-F329-4B51-9715-272E303983F3}.Debug|x86.ActiveCfg = Debug|Any CPU
		{DF493F51-F329-4B51-9715-272E303983F3}.Debug|x86.Build.0 = Debug|Any CPU
		{DF493F51-F329-4B51-9715-272E303983F3}.Release|Any CPU.ActiveCfg = Release|Any CPU
		{DF493F51-F329-4B51-9715-272E303983F3}.Release|Any CPU.Build.0 = Release|Any CPU
		{DF493F51-F329-4B51-9715-272E303983F3}.Release|x64.ActiveCfg = Release|Any CPU
		{DF493F51-F329-4B51-9715-272E303983F3}.Release|x64.Build.0 = Release|Any CPU
		{DF493F51-F329-4B51-9715-272E303983F3}.Release|x86.ActiveCfg = Release|Any CPU
		{DF493F51-F329-4B51-9715-272E303983F3}.Release|x86.Build.0 = Release|Any CPU
		{DFD41CDD-7C12-476F-BD03-E9AEDDD1EC91}.Debug|Any CPU.ActiveCfg = Debug|Any CPU
		{DFD41CDD-7C12-476F-BD03-E9AEDDD1EC91}.Debug|Any CPU.Build.0 = Debug|Any CPU
		{DFD41CDD-7C12-476F-BD03-E9AEDDD1EC91}.Debug|x64.ActiveCfg = Debug|x64
		{DFD41CDD-7C12-476F-BD03-E9AEDDD1EC91}.Debug|x64.Build.0 = Debug|x64
		{DFD41CDD-7C12-476F-BD03-E9AEDDD1EC91}.Debug|x86.ActiveCfg = Debug|Any CPU
		{DFD41CDD-7C12-476F-BD03-E9AEDDD1EC91}.Debug|x86.Build.0 = Debug|Any CPU
		{DFD41CDD-7C12-476F-BD03-E9AEDDD1EC91}.Release|Any CPU.ActiveCfg = Release|Any CPU
		{DFD41CDD-7C12-476F-BD03-E9AEDDD1EC91}.Release|Any CPU.Build.0 = Release|Any CPU
		{DFD41CDD-7C12-476F-BD03-E9AEDDD1EC91}.Release|x64.ActiveCfg = Release|x64
		{DFD41CDD-7C12-476F-BD03-E9AEDDD1EC91}.Release|x64.Build.0 = Release|x64
		{DFD41CDD-7C12-476F-BD03-E9AEDDD1EC91}.Release|x86.ActiveCfg = Release|Any CPU
		{DFD41CDD-7C12-476F-BD03-E9AEDDD1EC91}.Release|x86.Build.0 = Release|Any CPU
		{ED6E075E-EF6B-4604-8F30-B95417B2BFC2}.Debug|Any CPU.ActiveCfg = Debug|Any CPU
		{ED6E075E-EF6B-4604-8F30-B95417B2BFC2}.Debug|Any CPU.Build.0 = Debug|Any CPU
		{ED6E075E-EF6B-4604-8F30-B95417B2BFC2}.Debug|x64.ActiveCfg = Debug|x64
		{ED6E075E-EF6B-4604-8F30-B95417B2BFC2}.Debug|x64.Build.0 = Debug|x64
		{ED6E075E-EF6B-4604-8F30-B95417B2BFC2}.Debug|x86.ActiveCfg = Debug|Any CPU
		{ED6E075E-EF6B-4604-8F30-B95417B2BFC2}.Debug|x86.Build.0 = Debug|Any CPU
		{ED6E075E-EF6B-4604-8F30-B95417B2BFC2}.Release|Any CPU.ActiveCfg = Release|Any CPU
		{ED6E075E-EF6B-4604-8F30-B95417B2BFC2}.Release|Any CPU.Build.0 = Release|Any CPU
		{ED6E075E-EF6B-4604-8F30-B95417B2BFC2}.Release|x64.ActiveCfg = Release|x64
		{ED6E075E-EF6B-4604-8F30-B95417B2BFC2}.Release|x64.Build.0 = Release|x64
		{ED6E075E-EF6B-4604-8F30-B95417B2BFC2}.Release|x86.ActiveCfg = Release|Any CPU
		{ED6E075E-EF6B-4604-8F30-B95417B2BFC2}.Release|x86.Build.0 = Release|Any CPU
		{7DBBAAAE-6EBD-4F8A-A225-AEE0112D6A5B}.Debug|Any CPU.ActiveCfg = Debug|Any CPU
		{7DBBAAAE-6EBD-4F8A-A225-AEE0112D6A5B}.Debug|Any CPU.Build.0 = Debug|Any CPU
		{7DBBAAAE-6EBD-4F8A-A225-AEE0112D6A5B}.Debug|x64.ActiveCfg = Debug|Any CPU
		{7DBBAAAE-6EBD-4F8A-A225-AEE0112D6A5B}.Debug|x64.Build.0 = Debug|Any CPU
		{7DBBAAAE-6EBD-4F8A-A225-AEE0112D6A5B}.Debug|x86.ActiveCfg = Debug|Any CPU
		{7DBBAAAE-6EBD-4F8A-A225-AEE0112D6A5B}.Debug|x86.Build.0 = Debug|Any CPU
		{7DBBAAAE-6EBD-4F8A-A225-AEE0112D6A5B}.Release|Any CPU.ActiveCfg = Release|Any CPU
		{7DBBAAAE-6EBD-4F8A-A225-AEE0112D6A5B}.Release|Any CPU.Build.0 = Release|Any CPU
		{7DBBAAAE-6EBD-4F8A-A225-AEE0112D6A5B}.Release|x64.ActiveCfg = Release|Any CPU
		{7DBBAAAE-6EBD-4F8A-A225-AEE0112D6A5B}.Release|x64.Build.0 = Release|Any CPU
		{7DBBAAAE-6EBD-4F8A-A225-AEE0112D6A5B}.Release|x86.ActiveCfg = Release|Any CPU
		{7DBBAAAE-6EBD-4F8A-A225-AEE0112D6A5B}.Release|x86.Build.0 = Release|Any CPU
		{DF1A3BA3-4DF6-4410-B335-60E792D6216B}.Debug|Any CPU.ActiveCfg = Debug|Any CPU
		{DF1A3BA3-4DF6-4410-B335-60E792D6216B}.Debug|Any CPU.Build.0 = Debug|Any CPU
		{DF1A3BA3-4DF6-4410-B335-60E792D6216B}.Debug|x64.ActiveCfg = Debug|Any CPU
		{DF1A3BA3-4DF6-4410-B335-60E792D6216B}.Debug|x64.Build.0 = Debug|Any CPU
		{DF1A3BA3-4DF6-4410-B335-60E792D6216B}.Debug|x86.ActiveCfg = Debug|Any CPU
		{DF1A3BA3-4DF6-4410-B335-60E792D6216B}.Debug|x86.Build.0 = Debug|Any CPU
		{DF1A3BA3-4DF6-4410-B335-60E792D6216B}.Release|Any CPU.ActiveCfg = Release|Any CPU
		{DF1A3BA3-4DF6-4410-B335-60E792D6216B}.Release|Any CPU.Build.0 = Release|Any CPU
		{DF1A3BA3-4DF6-4410-B335-60E792D6216B}.Release|x64.ActiveCfg = Release|Any CPU
		{DF1A3BA3-4DF6-4410-B335-60E792D6216B}.Release|x64.Build.0 = Release|Any CPU
		{DF1A3BA3-4DF6-4410-B335-60E792D6216B}.Release|x86.ActiveCfg = Release|Any CPU
		{DF1A3BA3-4DF6-4410-B335-60E792D6216B}.Release|x86.Build.0 = Release|Any CPU
		{EE6B6707-1C8E-41C0-A302-033E6B2F0F15}.Debug|Any CPU.ActiveCfg = Debug|Any CPU
		{EE6B6707-1C8E-41C0-A302-033E6B2F0F15}.Debug|Any CPU.Build.0 = Debug|Any CPU
		{EE6B6707-1C8E-41C0-A302-033E6B2F0F15}.Debug|x64.ActiveCfg = Debug|Any CPU
		{EE6B6707-1C8E-41C0-A302-033E6B2F0F15}.Debug|x64.Build.0 = Debug|Any CPU
		{EE6B6707-1C8E-41C0-A302-033E6B2F0F15}.Debug|x86.ActiveCfg = Debug|Any CPU
		{EE6B6707-1C8E-41C0-A302-033E6B2F0F15}.Debug|x86.Build.0 = Debug|Any CPU
		{EE6B6707-1C8E-41C0-A302-033E6B2F0F15}.Release|Any CPU.ActiveCfg = Release|Any CPU
		{EE6B6707-1C8E-41C0-A302-033E6B2F0F15}.Release|Any CPU.Build.0 = Release|Any CPU
		{EE6B6707-1C8E-41C0-A302-033E6B2F0F15}.Release|x64.ActiveCfg = Release|Any CPU
		{EE6B6707-1C8E-41C0-A302-033E6B2F0F15}.Release|x64.Build.0 = Release|Any CPU
		{EE6B6707-1C8E-41C0-A302-033E6B2F0F15}.Release|x86.ActiveCfg = Release|Any CPU
		{EE6B6707-1C8E-41C0-A302-033E6B2F0F15}.Release|x86.Build.0 = Release|Any CPU
		{29F7107D-DBDD-4834-829C-3392C3651F8F}.Debug|Any CPU.ActiveCfg = Debug|Any CPU
		{29F7107D-DBDD-4834-829C-3392C3651F8F}.Debug|Any CPU.Build.0 = Debug|Any CPU
		{29F7107D-DBDD-4834-829C-3392C3651F8F}.Debug|x64.ActiveCfg = Debug|Any CPU
		{29F7107D-DBDD-4834-829C-3392C3651F8F}.Debug|x64.Build.0 = Debug|Any CPU
		{29F7107D-DBDD-4834-829C-3392C3651F8F}.Debug|x86.ActiveCfg = Debug|Any CPU
		{29F7107D-DBDD-4834-829C-3392C3651F8F}.Debug|x86.Build.0 = Debug|Any CPU
		{29F7107D-DBDD-4834-829C-3392C3651F8F}.Release|Any CPU.ActiveCfg = Release|Any CPU
		{29F7107D-DBDD-4834-829C-3392C3651F8F}.Release|Any CPU.Build.0 = Release|Any CPU
		{29F7107D-DBDD-4834-829C-3392C3651F8F}.Release|x64.ActiveCfg = Release|Any CPU
		{29F7107D-DBDD-4834-829C-3392C3651F8F}.Release|x64.Build.0 = Release|Any CPU
		{29F7107D-DBDD-4834-829C-3392C3651F8F}.Release|x86.ActiveCfg = Release|Any CPU
		{29F7107D-DBDD-4834-829C-3392C3651F8F}.Release|x86.Build.0 = Release|Any CPU
		{10B84ACE-B05C-4636-B484-E9EDF42210DF}.Debug|Any CPU.ActiveCfg = Debug|Win32
		{10B84ACE-B05C-4636-B484-E9EDF42210DF}.Debug|Any CPU.Build.0 = Debug|Win32
		{10B84ACE-B05C-4636-B484-E9EDF42210DF}.Debug|x64.ActiveCfg = Debug|x64
		{10B84ACE-B05C-4636-B484-E9EDF42210DF}.Debug|x64.Build.0 = Debug|x64
		{10B84ACE-B05C-4636-B484-E9EDF42210DF}.Debug|x86.ActiveCfg = Debug|Win32
		{10B84ACE-B05C-4636-B484-E9EDF42210DF}.Debug|x86.Build.0 = Debug|Win32
		{10B84ACE-B05C-4636-B484-E9EDF42210DF}.Release|Any CPU.ActiveCfg = Release|Win32
		{10B84ACE-B05C-4636-B484-E9EDF42210DF}.Release|Any CPU.Build.0 = Release|Win32
		{10B84ACE-B05C-4636-B484-E9EDF42210DF}.Release|x64.ActiveCfg = Release|x64
		{10B84ACE-B05C-4636-B484-E9EDF42210DF}.Release|x64.Build.0 = Release|x64
		{10B84ACE-B05C-4636-B484-E9EDF42210DF}.Release|x86.ActiveCfg = Release|Win32
		{10B84ACE-B05C-4636-B484-E9EDF42210DF}.Release|x86.Build.0 = Release|Win32
		{64DA21C0-6546-405A-9F6E-DEB8F729CF51}.Debug|Any CPU.ActiveCfg = Debug|Any CPU
		{64DA21C0-6546-405A-9F6E-DEB8F729CF51}.Debug|Any CPU.Build.0 = Debug|Any CPU
		{64DA21C0-6546-405A-9F6E-DEB8F729CF51}.Debug|x64.ActiveCfg = Debug|Any CPU
		{64DA21C0-6546-405A-9F6E-DEB8F729CF51}.Debug|x64.Build.0 = Debug|Any CPU
		{64DA21C0-6546-405A-9F6E-DEB8F729CF51}.Debug|x86.ActiveCfg = Debug|Any CPU
		{64DA21C0-6546-405A-9F6E-DEB8F729CF51}.Debug|x86.Build.0 = Debug|Any CPU
		{64DA21C0-6546-405A-9F6E-DEB8F729CF51}.Release|Any CPU.ActiveCfg = Release|Any CPU
		{64DA21C0-6546-405A-9F6E-DEB8F729CF51}.Release|Any CPU.Build.0 = Release|Any CPU
		{64DA21C0-6546-405A-9F6E-DEB8F729CF51}.Release|x64.ActiveCfg = Release|Any CPU
		{64DA21C0-6546-405A-9F6E-DEB8F729CF51}.Release|x64.Build.0 = Release|Any CPU
		{64DA21C0-6546-405A-9F6E-DEB8F729CF51}.Release|x86.ActiveCfg = Release|Any CPU
		{64DA21C0-6546-405A-9F6E-DEB8F729CF51}.Release|x86.Build.0 = Release|Any CPU
		{D3D0B582-3B04-465A-B641-6A3919D9B1C5}.Debug|Any CPU.ActiveCfg = Debug|Any CPU
		{D3D0B582-3B04-465A-B641-6A3919D9B1C5}.Debug|Any CPU.Build.0 = Debug|Any CPU
		{D3D0B582-3B04-465A-B641-6A3919D9B1C5}.Debug|x64.ActiveCfg = Debug|Any CPU
		{D3D0B582-3B04-465A-B641-6A3919D9B1C5}.Debug|x64.Build.0 = Debug|Any CPU
		{D3D0B582-3B04-465A-B641-6A3919D9B1C5}.Debug|x86.ActiveCfg = Debug|Any CPU
		{D3D0B582-3B04-465A-B641-6A3919D9B1C5}.Debug|x86.Build.0 = Debug|Any CPU
		{D3D0B582-3B04-465A-B641-6A3919D9B1C5}.Release|Any CPU.ActiveCfg = Release|Any CPU
		{D3D0B582-3B04-465A-B641-6A3919D9B1C5}.Release|Any CPU.Build.0 = Release|Any CPU
		{D3D0B582-3B04-465A-B641-6A3919D9B1C5}.Release|x64.ActiveCfg = Release|Any CPU
		{D3D0B582-3B04-465A-B641-6A3919D9B1C5}.Release|x64.Build.0 = Release|Any CPU
		{D3D0B582-3B04-465A-B641-6A3919D9B1C5}.Release|x86.ActiveCfg = Release|Any CPU
		{D3D0B582-3B04-465A-B641-6A3919D9B1C5}.Release|x86.Build.0 = Release|Any CPU
		{EB9EB3F0-32F1-4E06-8220-A7CF9BD9F961}.Debug|Any CPU.ActiveCfg = Debug|Any CPU
		{EB9EB3F0-32F1-4E06-8220-A7CF9BD9F961}.Debug|Any CPU.Build.0 = Debug|Any CPU
		{EB9EB3F0-32F1-4E06-8220-A7CF9BD9F961}.Debug|x64.ActiveCfg = Debug|Any CPU
		{EB9EB3F0-32F1-4E06-8220-A7CF9BD9F961}.Debug|x64.Build.0 = Debug|Any CPU
		{EB9EB3F0-32F1-4E06-8220-A7CF9BD9F961}.Debug|x86.ActiveCfg = Debug|Any CPU
		{EB9EB3F0-32F1-4E06-8220-A7CF9BD9F961}.Debug|x86.Build.0 = Debug|Any CPU
		{EB9EB3F0-32F1-4E06-8220-A7CF9BD9F961}.Release|Any CPU.ActiveCfg = Release|Any CPU
		{EB9EB3F0-32F1-4E06-8220-A7CF9BD9F961}.Release|Any CPU.Build.0 = Release|Any CPU
		{EB9EB3F0-32F1-4E06-8220-A7CF9BD9F961}.Release|x64.ActiveCfg = Release|Any CPU
		{EB9EB3F0-32F1-4E06-8220-A7CF9BD9F961}.Release|x64.Build.0 = Release|Any CPU
		{EB9EB3F0-32F1-4E06-8220-A7CF9BD9F961}.Release|x86.ActiveCfg = Release|Any CPU
		{EB9EB3F0-32F1-4E06-8220-A7CF9BD9F961}.Release|x86.Build.0 = Release|Any CPU
		{2E19DFCB-5F60-48E3-BCBA-D152997EE890}.Debug|Any CPU.ActiveCfg = Debug|Any CPU
		{2E19DFCB-5F60-48E3-BCBA-D152997EE890}.Debug|Any CPU.Build.0 = Debug|Any CPU
		{2E19DFCB-5F60-48E3-BCBA-D152997EE890}.Debug|x64.ActiveCfg = Debug|Any CPU
		{2E19DFCB-5F60-48E3-BCBA-D152997EE890}.Debug|x64.Build.0 = Debug|Any CPU
		{2E19DFCB-5F60-48E3-BCBA-D152997EE890}.Debug|x86.ActiveCfg = Debug|Any CPU
		{2E19DFCB-5F60-48E3-BCBA-D152997EE890}.Debug|x86.Build.0 = Debug|Any CPU
		{2E19DFCB-5F60-48E3-BCBA-D152997EE890}.Release|Any CPU.ActiveCfg = Release|Any CPU
		{2E19DFCB-5F60-48E3-BCBA-D152997EE890}.Release|Any CPU.Build.0 = Release|Any CPU
		{2E19DFCB-5F60-48E3-BCBA-D152997EE890}.Release|x64.ActiveCfg = Release|Any CPU
		{2E19DFCB-5F60-48E3-BCBA-D152997EE890}.Release|x64.Build.0 = Release|Any CPU
		{2E19DFCB-5F60-48E3-BCBA-D152997EE890}.Release|x86.ActiveCfg = Release|Any CPU
		{2E19DFCB-5F60-48E3-BCBA-D152997EE890}.Release|x86.Build.0 = Release|Any CPU
		{4CD78F23-A60D-416D-AD48-DD54A7ED7B89}.Debug|Any CPU.ActiveCfg = Debug|Any CPU
		{4CD78F23-A60D-416D-AD48-DD54A7ED7B89}.Debug|Any CPU.Build.0 = Debug|Any CPU
		{4CD78F23-A60D-416D-AD48-DD54A7ED7B89}.Debug|x64.ActiveCfg = Debug|Any CPU
		{4CD78F23-A60D-416D-AD48-DD54A7ED7B89}.Debug|x64.Build.0 = Debug|Any CPU
		{4CD78F23-A60D-416D-AD48-DD54A7ED7B89}.Debug|x86.ActiveCfg = Debug|Any CPU
		{4CD78F23-A60D-416D-AD48-DD54A7ED7B89}.Debug|x86.Build.0 = Debug|Any CPU
		{4CD78F23-A60D-416D-AD48-DD54A7ED7B89}.Release|Any CPU.ActiveCfg = Release|Any CPU
		{4CD78F23-A60D-416D-AD48-DD54A7ED7B89}.Release|Any CPU.Build.0 = Release|Any CPU
		{4CD78F23-A60D-416D-AD48-DD54A7ED7B89}.Release|x64.ActiveCfg = Release|Any CPU
		{4CD78F23-A60D-416D-AD48-DD54A7ED7B89}.Release|x64.Build.0 = Release|Any CPU
		{4CD78F23-A60D-416D-AD48-DD54A7ED7B89}.Release|x86.ActiveCfg = Release|Any CPU
		{4CD78F23-A60D-416D-AD48-DD54A7ED7B89}.Release|x86.Build.0 = Release|Any CPU
		{ACE0B021-39AB-4696-8FD2-FE585118718C}.Debug|Any CPU.ActiveCfg = Debug|Any CPU
		{ACE0B021-39AB-4696-8FD2-FE585118718C}.Debug|Any CPU.Build.0 = Debug|Any CPU
		{ACE0B021-39AB-4696-8FD2-FE585118718C}.Debug|x64.ActiveCfg = Debug|Any CPU
		{ACE0B021-39AB-4696-8FD2-FE585118718C}.Debug|x64.Build.0 = Debug|Any CPU
		{ACE0B021-39AB-4696-8FD2-FE585118718C}.Debug|x86.ActiveCfg = Debug|Any CPU
		{ACE0B021-39AB-4696-8FD2-FE585118718C}.Debug|x86.Build.0 = Debug|Any CPU
		{ACE0B021-39AB-4696-8FD2-FE585118718C}.Release|Any CPU.ActiveCfg = Release|Any CPU
		{ACE0B021-39AB-4696-8FD2-FE585118718C}.Release|Any CPU.Build.0 = Release|Any CPU
		{ACE0B021-39AB-4696-8FD2-FE585118718C}.Release|x64.ActiveCfg = Release|Any CPU
		{ACE0B021-39AB-4696-8FD2-FE585118718C}.Release|x64.Build.0 = Release|Any CPU
		{ACE0B021-39AB-4696-8FD2-FE585118718C}.Release|x86.ActiveCfg = Release|Any CPU
		{ACE0B021-39AB-4696-8FD2-FE585118718C}.Release|x86.Build.0 = Release|Any CPU
		{AA4D3E06-7660-4DB8-911E-90FC1DAFA06D}.Debug|Any CPU.ActiveCfg = Debug|Any CPU
		{AA4D3E06-7660-4DB8-911E-90FC1DAFA06D}.Debug|Any CPU.Build.0 = Debug|Any CPU
		{AA4D3E06-7660-4DB8-911E-90FC1DAFA06D}.Debug|x64.ActiveCfg = Debug|Any CPU
		{AA4D3E06-7660-4DB8-911E-90FC1DAFA06D}.Debug|x64.Build.0 = Debug|Any CPU
		{AA4D3E06-7660-4DB8-911E-90FC1DAFA06D}.Debug|x86.ActiveCfg = Debug|Any CPU
		{AA4D3E06-7660-4DB8-911E-90FC1DAFA06D}.Debug|x86.Build.0 = Debug|Any CPU
		{AA4D3E06-7660-4DB8-911E-90FC1DAFA06D}.Release|Any CPU.ActiveCfg = Release|Any CPU
		{AA4D3E06-7660-4DB8-911E-90FC1DAFA06D}.Release|Any CPU.Build.0 = Release|Any CPU
		{AA4D3E06-7660-4DB8-911E-90FC1DAFA06D}.Release|x64.ActiveCfg = Release|Any CPU
		{AA4D3E06-7660-4DB8-911E-90FC1DAFA06D}.Release|x64.Build.0 = Release|Any CPU
		{AA4D3E06-7660-4DB8-911E-90FC1DAFA06D}.Release|x86.ActiveCfg = Release|Any CPU
		{AA4D3E06-7660-4DB8-911E-90FC1DAFA06D}.Release|x86.Build.0 = Release|Any CPU
		{8F38E967-2362-42FC-937A-442579BFD909}.Debug|Any CPU.ActiveCfg = Debug|Any CPU
		{8F38E967-2362-42FC-937A-442579BFD909}.Debug|Any CPU.Build.0 = Debug|Any CPU
		{8F38E967-2362-42FC-937A-442579BFD909}.Debug|x64.ActiveCfg = Debug|Any CPU
		{8F38E967-2362-42FC-937A-442579BFD909}.Debug|x64.Build.0 = Debug|Any CPU
		{8F38E967-2362-42FC-937A-442579BFD909}.Debug|x86.ActiveCfg = Debug|Any CPU
		{8F38E967-2362-42FC-937A-442579BFD909}.Debug|x86.Build.0 = Debug|Any CPU
		{8F38E967-2362-42FC-937A-442579BFD909}.Release|Any CPU.ActiveCfg = Release|Any CPU
		{8F38E967-2362-42FC-937A-442579BFD909}.Release|Any CPU.Build.0 = Release|Any CPU
		{8F38E967-2362-42FC-937A-442579BFD909}.Release|x64.ActiveCfg = Release|Any CPU
		{8F38E967-2362-42FC-937A-442579BFD909}.Release|x64.Build.0 = Release|Any CPU
		{8F38E967-2362-42FC-937A-442579BFD909}.Release|x86.ActiveCfg = Release|Any CPU
		{8F38E967-2362-42FC-937A-442579BFD909}.Release|x86.Build.0 = Release|Any CPU
		{28E9D970-352C-45AD-9774-DD1C40706443}.Debug|Any CPU.ActiveCfg = Debug|Any CPU
		{28E9D970-352C-45AD-9774-DD1C40706443}.Debug|Any CPU.Build.0 = Debug|Any CPU
		{28E9D970-352C-45AD-9774-DD1C40706443}.Debug|x64.ActiveCfg = Debug|Any CPU
		{28E9D970-352C-45AD-9774-DD1C40706443}.Debug|x64.Build.0 = Debug|Any CPU
		{28E9D970-352C-45AD-9774-DD1C40706443}.Debug|x86.ActiveCfg = Debug|Any CPU
		{28E9D970-352C-45AD-9774-DD1C40706443}.Debug|x86.Build.0 = Debug|Any CPU
		{28E9D970-352C-45AD-9774-DD1C40706443}.Release|Any CPU.ActiveCfg = Release|Any CPU
		{28E9D970-352C-45AD-9774-DD1C40706443}.Release|Any CPU.Build.0 = Release|Any CPU
		{28E9D970-352C-45AD-9774-DD1C40706443}.Release|x64.ActiveCfg = Release|Any CPU
		{28E9D970-352C-45AD-9774-DD1C40706443}.Release|x64.Build.0 = Release|Any CPU
		{28E9D970-352C-45AD-9774-DD1C40706443}.Release|x86.ActiveCfg = Release|Any CPU
		{28E9D970-352C-45AD-9774-DD1C40706443}.Release|x86.Build.0 = Release|Any CPU
		{013FEE44-5812-4851-B375-3C61228BB23C}.Debug|Any CPU.ActiveCfg = Debug|Any CPU
		{013FEE44-5812-4851-B375-3C61228BB23C}.Debug|Any CPU.Build.0 = Debug|Any CPU
		{013FEE44-5812-4851-B375-3C61228BB23C}.Debug|x64.ActiveCfg = Debug|Any CPU
		{013FEE44-5812-4851-B375-3C61228BB23C}.Debug|x64.Build.0 = Debug|Any CPU
		{013FEE44-5812-4851-B375-3C61228BB23C}.Debug|x86.ActiveCfg = Debug|Any CPU
		{013FEE44-5812-4851-B375-3C61228BB23C}.Debug|x86.Build.0 = Debug|Any CPU
		{013FEE44-5812-4851-B375-3C61228BB23C}.Release|Any CPU.ActiveCfg = Release|Any CPU
		{013FEE44-5812-4851-B375-3C61228BB23C}.Release|Any CPU.Build.0 = Release|Any CPU
		{013FEE44-5812-4851-B375-3C61228BB23C}.Release|x64.ActiveCfg = Release|Any CPU
		{013FEE44-5812-4851-B375-3C61228BB23C}.Release|x64.Build.0 = Release|Any CPU
		{013FEE44-5812-4851-B375-3C61228BB23C}.Release|x86.ActiveCfg = Release|Any CPU
		{013FEE44-5812-4851-B375-3C61228BB23C}.Release|x86.Build.0 = Release|Any CPU
	EndGlobalSection
	GlobalSection(SolutionProperties) = preSolution
		HideSolutionNode = FALSE
	EndGlobalSection
	GlobalSection(NestedProjects) = preSolution
		{6440B9BB-8545-4D8F-9F89-B8A876CC9977} = {95A8D61C-C1C5-4DF8-9B05-08418D07149C}
		{42416EA1-B42D-4B1A-A093-5B3B1304846E} = {087A843D-7E0E-4B5F-BC95-FB999ADF0BE1}
		{DF493F51-F329-4B51-9715-272E303983F3} = {DF89049A-7B30-48E2-8C92-485985286625}
		{DFD41CDD-7C12-476F-BD03-E9AEDDD1EC91} = {DF89049A-7B30-48E2-8C92-485985286625}
		{ED6E075E-EF6B-4604-8F30-B95417B2BFC2} = {33554031-434D-48E2-9279-D48C9A503EF7}
		{7DBBAAAE-6EBD-4F8A-A225-AEE0112D6A5B} = {DF89049A-7B30-48E2-8C92-485985286625}
		{DF1A3BA3-4DF6-4410-B335-60E792D6216B} = {95A8D61C-C1C5-4DF8-9B05-08418D07149C}
		{EE6B6707-1C8E-41C0-A302-033E6B2F0F15} = {33554031-434D-48E2-9279-D48C9A503EF7}
		{29F7107D-DBDD-4834-829C-3392C3651F8F} = {33554031-434D-48E2-9279-D48C9A503EF7}
		{10B84ACE-B05C-4636-B484-E9EDF42210DF} = {DF89049A-7B30-48E2-8C92-485985286625}
		{64DA21C0-6546-405A-9F6E-DEB8F729CF51} = {33554031-434D-48E2-9279-D48C9A503EF7}
		{D3D0B582-3B04-465A-B641-6A3919D9B1C5} = {95A8D61C-C1C5-4DF8-9B05-08418D07149C}
		{EB9EB3F0-32F1-4E06-8220-A7CF9BD9F961} = {33554031-434D-48E2-9279-D48C9A503EF7}
		{2E19DFCB-5F60-48E3-BCBA-D152997EE890} = {087A843D-7E0E-4B5F-BC95-FB999ADF0BE1}
		{4CD78F23-A60D-416D-AD48-DD54A7ED7B89} = {95A8D61C-C1C5-4DF8-9B05-08418D07149C}
		{ACE0B021-39AB-4696-8FD2-FE585118718C} = {95A8D61C-C1C5-4DF8-9B05-08418D07149C}
		{AA4D3E06-7660-4DB8-911E-90FC1DAFA06D} = {33554031-434D-48E2-9279-D48C9A503EF7}
		{8F38E967-2362-42FC-937A-442579BFD909} = {DF89049A-7B30-48E2-8C92-485985286625}
		{28E9D970-352C-45AD-9774-DD1C40706443} = {33554031-434D-48E2-9279-D48C9A503EF7}
		{013FEE44-5812-4851-B375-3C61228BB23C} = {95A8D61C-C1C5-4DF8-9B05-08418D07149C}
	EndGlobalSection
	GlobalSection(ExtensibilityGlobals) = postSolution
		SolutionGuid = {E670FE68-129E-4BAD-81F4-63826ED86E67}
	EndGlobalSection
EndGlobal
