
Microsoft Visual Studio Solution File, Format Version 12.00
# Visual Studio Version 16
VisualStudioVersion = 16.0.30114.105
MinimumVisualStudioVersion = 10.0.40219.1
Project("{2150E333-8FDC-42A3-9474-1A3956D46DE8}") = "Client", "Client", "{751A4D1E-7395-4712-BFC8-350D72CD6726}"
EndProject
Project("{FAE04EC0-301F-11D3-BF4B-00C04F79EFBC}") = "ClientCore", "Client\ClientCore\ClientCore.csproj", "{862B7A1E-61F3-46A7-B730-842189E0EFD8}"
EndProject
Project("{FAE04EC0-301F-11D3-BF4B-00C04F79EFBC}") = "ClientNetwork", "Client\ClientNetwork\ClientNetwork.csproj", "{D5C930C9-E4D6-4A04-8CB4-3710C8F7ED2F}"
EndProject
Project("{FAE04EC0-301F-11D3-BF4B-00C04F79EFBC}") = "SovereignClient", "Client\SovereignClient\SovereignClient.csproj", "{7A420C33-BCCC-4096-833B-20F23CA9690C}"
EndProject
Project("{FAE04EC0-301F-11D3-BF4B-00C04F79EFBC}") = "VeldridRenderer", "Client\VeldridRenderer\VeldridRenderer.csproj", "{A349CA39-A397-4FEA-A279-37E9A93C4426}"
EndProject
Project("{2150E333-8FDC-42A3-9474-1A3956D46DE8}") = "Common", "Common", "{46606B84-D391-479B-B30B-332B94530887}"
EndProject
Project("{FAE04EC0-301F-11D3-BF4B-00C04F79EFBC}") = "EngineCore", "Common\EngineCore\EngineCore.csproj", "{B6B7C6FB-3885-4DC7-94C9-33B4953B495F}"
EndProject
Project("{FAE04EC0-301F-11D3-BF4B-00C04F79EFBC}") = "EngineUtil", "Common\EngineUtil\EngineUtil.csproj", "{61C7840E-B9F9-43C1-9B0B-F221F6607A18}"
EndProject
Project("{FAE04EC0-301F-11D3-BF4B-00C04F79EFBC}") = "NetworkCore", "Common\NetworkCore\NetworkCore.csproj", "{6A387652-8E4A-4FAE-ABB5-BA047AEF7736}"
EndProject
Project("{FAE04EC0-301F-11D3-BF4B-00C04F79EFBC}") = "Performance", "Common\Performance\Performance.csproj", "{4D4186A8-67EB-484D-9554-2DF1F335BA2B}"
EndProject
Project("{FAE04EC0-301F-11D3-BF4B-00C04F79EFBC}") = "TestEngineUtil", "Common\TestEngineUtil\TestEngineUtil.csproj", "{17875518-ADF9-4A4D-A4F4-A51CAE1D8188}"
EndProject
Project("{FAE04EC0-301F-11D3-BF4B-00C04F79EFBC}") = "WorldLib", "Common\WorldLib\WorldLib.csproj", "{81FA5927-20CD-4831-80A2-C6262D66AEEE}"
EndProject
Project("{FAE04EC0-301F-11D3-BF4B-00C04F79EFBC}") = "WorldManagement", "Common\WorldManagement\WorldManagement.csproj", "{BB8A6E0D-761F-45D1-83ED-B722BC571D7B}"
EndProject
Project("{2150E333-8FDC-42A3-9474-1A3956D46DE8}") = "Server", "Server", "{FFAC4BE6-E66F-47F6-AC69-6BD137A457EF}"
EndProject
Project("{FAE04EC0-301F-11D3-BF4B-00C04F79EFBC}") = "Accounts", "Server\Accounts\Accounts.csproj", "{5D85F535-D319-47A1-8DD6-2F2829E31739}"
EndProject
Project("{FAE04EC0-301F-11D3-BF4B-00C04F79EFBC}") = "Persistence", "Server\Persistence\Persistence.csproj", "{EAB15099-3994-41F1-B723-E4359DD81841}"
EndProject
Project("{FAE04EC0-301F-11D3-BF4B-00C04F79EFBC}") = "ServerCore", "Server\ServerCore\ServerCore.csproj", "{187D6194-88D9-499C-A1F7-69D27422FC53}"
EndProject
Project("{FAE04EC0-301F-11D3-BF4B-00C04F79EFBC}") = "ServerNetwork", "Server\ServerNetwork\ServerNetwork.csproj", "{B10D59D6-674F-4DC1-9349-BD628EBD020C}"
EndProject
Project("{FAE04EC0-301F-11D3-BF4B-00C04F79EFBC}") = "SovereignServer", "Server\SovereignServer\SovereignServer.csproj", "{EAD30517-D319-40ED-9ECF-8BA7716FE22D}"
EndProject
Project("{FAE04EC0-301F-11D3-BF4B-00C04F79EFBC}") = "StandaloneWorldGen", "Server\StandaloneWorldGen\StandaloneWorldGen.csproj", "{35061F3E-77F1-4F24-8370-DAB3C2964B73}"
EndProject
Project("{FAE04EC0-301F-11D3-BF4B-00C04F79EFBC}") = "TestPersistence", "Server\TestPersistence\TestPersistence.csproj", "{7AF66CA0-0744-4953-AE14-A50A11F6E81F}"
EndProject
Project("{FAE04EC0-301F-11D3-BF4B-00C04F79EFBC}") = "WorldGen", "Server\WorldGen\WorldGen.csproj", "{0C810974-3580-41CD-BF3F-E85CD9A53F6A}"
EndProject
Global
	GlobalSection(SolutionConfigurationPlatforms) = preSolution
		Debug|Any CPU = Debug|Any CPU
		Release|Any CPU = Release|Any CPU
	EndGlobalSection
	GlobalSection(SolutionProperties) = preSolution
		HideSolutionNode = FALSE
	EndGlobalSection
	GlobalSection(ProjectConfigurationPlatforms) = postSolution
		{862B7A1E-61F3-46A7-B730-842189E0EFD8}.Debug|Any CPU.ActiveCfg = Debug|Any CPU
		{862B7A1E-61F3-46A7-B730-842189E0EFD8}.Debug|Any CPU.Build.0 = Debug|Any CPU
		{862B7A1E-61F3-46A7-B730-842189E0EFD8}.Release|Any CPU.ActiveCfg = Release|Any CPU
		{862B7A1E-61F3-46A7-B730-842189E0EFD8}.Release|Any CPU.Build.0 = Release|Any CPU
		{D5C930C9-E4D6-4A04-8CB4-3710C8F7ED2F}.Debug|Any CPU.ActiveCfg = Debug|Any CPU
		{D5C930C9-E4D6-4A04-8CB4-3710C8F7ED2F}.Debug|Any CPU.Build.0 = Debug|Any CPU
		{D5C930C9-E4D6-4A04-8CB4-3710C8F7ED2F}.Release|Any CPU.ActiveCfg = Release|Any CPU
		{D5C930C9-E4D6-4A04-8CB4-3710C8F7ED2F}.Release|Any CPU.Build.0 = Release|Any CPU
		{7A420C33-BCCC-4096-833B-20F23CA9690C}.Debug|Any CPU.ActiveCfg = Debug|Any CPU
		{7A420C33-BCCC-4096-833B-20F23CA9690C}.Debug|Any CPU.Build.0 = Debug|Any CPU
		{7A420C33-BCCC-4096-833B-20F23CA9690C}.Release|Any CPU.ActiveCfg = Release|Any CPU
		{7A420C33-BCCC-4096-833B-20F23CA9690C}.Release|Any CPU.Build.0 = Release|Any CPU
		{A349CA39-A397-4FEA-A279-37E9A93C4426}.Debug|Any CPU.ActiveCfg = Debug|Any CPU
		{A349CA39-A397-4FEA-A279-37E9A93C4426}.Debug|Any CPU.Build.0 = Debug|Any CPU
		{A349CA39-A397-4FEA-A279-37E9A93C4426}.Release|Any CPU.ActiveCfg = Release|Any CPU
		{A349CA39-A397-4FEA-A279-37E9A93C4426}.Release|Any CPU.Build.0 = Release|Any CPU
		{B6B7C6FB-3885-4DC7-94C9-33B4953B495F}.Debug|Any CPU.ActiveCfg = Debug|Any CPU
		{B6B7C6FB-3885-4DC7-94C9-33B4953B495F}.Debug|Any CPU.Build.0 = Debug|Any CPU
		{B6B7C6FB-3885-4DC7-94C9-33B4953B495F}.Release|Any CPU.ActiveCfg = Release|Any CPU
		{B6B7C6FB-3885-4DC7-94C9-33B4953B495F}.Release|Any CPU.Build.0 = Release|Any CPU
		{61C7840E-B9F9-43C1-9B0B-F221F6607A18}.Debug|Any CPU.ActiveCfg = Debug|Any CPU
		{61C7840E-B9F9-43C1-9B0B-F221F6607A18}.Debug|Any CPU.Build.0 = Debug|Any CPU
		{61C7840E-B9F9-43C1-9B0B-F221F6607A18}.Release|Any CPU.ActiveCfg = Release|Any CPU
		{61C7840E-B9F9-43C1-9B0B-F221F6607A18}.Release|Any CPU.Build.0 = Release|Any CPU
		{6A387652-8E4A-4FAE-ABB5-BA047AEF7736}.Debug|Any CPU.ActiveCfg = Debug|Any CPU
		{6A387652-8E4A-4FAE-ABB5-BA047AEF7736}.Debug|Any CPU.Build.0 = Debug|Any CPU
		{6A387652-8E4A-4FAE-ABB5-BA047AEF7736}.Release|Any CPU.ActiveCfg = Release|Any CPU
		{6A387652-8E4A-4FAE-ABB5-BA047AEF7736}.Release|Any CPU.Build.0 = Release|Any CPU
		{4D4186A8-67EB-484D-9554-2DF1F335BA2B}.Debug|Any CPU.ActiveCfg = Debug|Any CPU
		{4D4186A8-67EB-484D-9554-2DF1F335BA2B}.Debug|Any CPU.Build.0 = Debug|Any CPU
		{4D4186A8-67EB-484D-9554-2DF1F335BA2B}.Release|Any CPU.ActiveCfg = Release|Any CPU
		{4D4186A8-67EB-484D-9554-2DF1F335BA2B}.Release|Any CPU.Build.0 = Release|Any CPU
		{17875518-ADF9-4A4D-A4F4-A51CAE1D8188}.Debug|Any CPU.ActiveCfg = Debug|Any CPU
		{17875518-ADF9-4A4D-A4F4-A51CAE1D8188}.Debug|Any CPU.Build.0 = Debug|Any CPU
		{17875518-ADF9-4A4D-A4F4-A51CAE1D8188}.Release|Any CPU.ActiveCfg = Release|Any CPU
		{17875518-ADF9-4A4D-A4F4-A51CAE1D8188}.Release|Any CPU.Build.0 = Release|Any CPU
		{81FA5927-20CD-4831-80A2-C6262D66AEEE}.Debug|Any CPU.ActiveCfg = Debug|Any CPU
		{81FA5927-20CD-4831-80A2-C6262D66AEEE}.Debug|Any CPU.Build.0 = Debug|Any CPU
		{81FA5927-20CD-4831-80A2-C6262D66AEEE}.Release|Any CPU.ActiveCfg = Release|Any CPU
		{81FA5927-20CD-4831-80A2-C6262D66AEEE}.Release|Any CPU.Build.0 = Release|Any CPU
		{BB8A6E0D-761F-45D1-83ED-B722BC571D7B}.Debug|Any CPU.ActiveCfg = Debug|Any CPU
		{BB8A6E0D-761F-45D1-83ED-B722BC571D7B}.Debug|Any CPU.Build.0 = Debug|Any CPU
		{BB8A6E0D-761F-45D1-83ED-B722BC571D7B}.Release|Any CPU.ActiveCfg = Release|Any CPU
		{BB8A6E0D-761F-45D1-83ED-B722BC571D7B}.Release|Any CPU.Build.0 = Release|Any CPU
		{5D85F535-D319-47A1-8DD6-2F2829E31739}.Debug|Any CPU.ActiveCfg = Debug|Any CPU
		{5D85F535-D319-47A1-8DD6-2F2829E31739}.Debug|Any CPU.Build.0 = Debug|Any CPU
		{5D85F535-D319-47A1-8DD6-2F2829E31739}.Release|Any CPU.ActiveCfg = Release|Any CPU
		{5D85F535-D319-47A1-8DD6-2F2829E31739}.Release|Any CPU.Build.0 = Release|Any CPU
		{EAB15099-3994-41F1-B723-E4359DD81841}.Debug|Any CPU.ActiveCfg = Debug|Any CPU
		{EAB15099-3994-41F1-B723-E4359DD81841}.Debug|Any CPU.Build.0 = Debug|Any CPU
		{EAB15099-3994-41F1-B723-E4359DD81841}.Release|Any CPU.ActiveCfg = Release|Any CPU
		{EAB15099-3994-41F1-B723-E4359DD81841}.Release|Any CPU.Build.0 = Release|Any CPU
		{187D6194-88D9-499C-A1F7-69D27422FC53}.Debug|Any CPU.ActiveCfg = Debug|Any CPU
		{187D6194-88D9-499C-A1F7-69D27422FC53}.Debug|Any CPU.Build.0 = Debug|Any CPU
		{187D6194-88D9-499C-A1F7-69D27422FC53}.Release|Any CPU.ActiveCfg = Release|Any CPU
		{187D6194-88D9-499C-A1F7-69D27422FC53}.Release|Any CPU.Build.0 = Release|Any CPU
		{B10D59D6-674F-4DC1-9349-BD628EBD020C}.Debug|Any CPU.ActiveCfg = Debug|Any CPU
		{B10D59D6-674F-4DC1-9349-BD628EBD020C}.Debug|Any CPU.Build.0 = Debug|Any CPU
		{B10D59D6-674F-4DC1-9349-BD628EBD020C}.Release|Any CPU.ActiveCfg = Release|Any CPU
		{B10D59D6-674F-4DC1-9349-BD628EBD020C}.Release|Any CPU.Build.0 = Release|Any CPU
		{EAD30517-D319-40ED-9ECF-8BA7716FE22D}.Debug|Any CPU.ActiveCfg = Debug|Any CPU
		{EAD30517-D319-40ED-9ECF-8BA7716FE22D}.Debug|Any CPU.Build.0 = Debug|Any CPU
		{EAD30517-D319-40ED-9ECF-8BA7716FE22D}.Release|Any CPU.ActiveCfg = Release|Any CPU
		{EAD30517-D319-40ED-9ECF-8BA7716FE22D}.Release|Any CPU.Build.0 = Release|Any CPU
		{35061F3E-77F1-4F24-8370-DAB3C2964B73}.Debug|Any CPU.ActiveCfg = Debug|Any CPU
		{35061F3E-77F1-4F24-8370-DAB3C2964B73}.Debug|Any CPU.Build.0 = Debug|Any CPU
		{35061F3E-77F1-4F24-8370-DAB3C2964B73}.Release|Any CPU.ActiveCfg = Release|Any CPU
		{35061F3E-77F1-4F24-8370-DAB3C2964B73}.Release|Any CPU.Build.0 = Release|Any CPU
		{7AF66CA0-0744-4953-AE14-A50A11F6E81F}.Debug|Any CPU.ActiveCfg = Debug|Any CPU
		{7AF66CA0-0744-4953-AE14-A50A11F6E81F}.Debug|Any CPU.Build.0 = Debug|Any CPU
		{7AF66CA0-0744-4953-AE14-A50A11F6E81F}.Release|Any CPU.ActiveCfg = Release|Any CPU
		{7AF66CA0-0744-4953-AE14-A50A11F6E81F}.Release|Any CPU.Build.0 = Release|Any CPU
		{0C810974-3580-41CD-BF3F-E85CD9A53F6A}.Debug|Any CPU.ActiveCfg = Debug|Any CPU
		{0C810974-3580-41CD-BF3F-E85CD9A53F6A}.Debug|Any CPU.Build.0 = Debug|Any CPU
		{0C810974-3580-41CD-BF3F-E85CD9A53F6A}.Release|Any CPU.ActiveCfg = Release|Any CPU
		{0C810974-3580-41CD-BF3F-E85CD9A53F6A}.Release|Any CPU.Build.0 = Release|Any CPU
	EndGlobalSection
	GlobalSection(NestedProjects) = preSolution
		{862B7A1E-61F3-46A7-B730-842189E0EFD8} = {751A4D1E-7395-4712-BFC8-350D72CD6726}
		{D5C930C9-E4D6-4A04-8CB4-3710C8F7ED2F} = {751A4D1E-7395-4712-BFC8-350D72CD6726}
		{7A420C33-BCCC-4096-833B-20F23CA9690C} = {751A4D1E-7395-4712-BFC8-350D72CD6726}
		{A349CA39-A397-4FEA-A279-37E9A93C4426} = {751A4D1E-7395-4712-BFC8-350D72CD6726}
		{B6B7C6FB-3885-4DC7-94C9-33B4953B495F} = {46606B84-D391-479B-B30B-332B94530887}
		{61C7840E-B9F9-43C1-9B0B-F221F6607A18} = {46606B84-D391-479B-B30B-332B94530887}
		{6A387652-8E4A-4FAE-ABB5-BA047AEF7736} = {46606B84-D391-479B-B30B-332B94530887}
		{4D4186A8-67EB-484D-9554-2DF1F335BA2B} = {46606B84-D391-479B-B30B-332B94530887}
		{17875518-ADF9-4A4D-A4F4-A51CAE1D8188} = {46606B84-D391-479B-B30B-332B94530887}
		{81FA5927-20CD-4831-80A2-C6262D66AEEE} = {46606B84-D391-479B-B30B-332B94530887}
		{BB8A6E0D-761F-45D1-83ED-B722BC571D7B} = {46606B84-D391-479B-B30B-332B94530887}
		{5D85F535-D319-47A1-8DD6-2F2829E31739} = {FFAC4BE6-E66F-47F6-AC69-6BD137A457EF}
		{EAB15099-3994-41F1-B723-E4359DD81841} = {FFAC4BE6-E66F-47F6-AC69-6BD137A457EF}
		{187D6194-88D9-499C-A1F7-69D27422FC53} = {FFAC4BE6-E66F-47F6-AC69-6BD137A457EF}
		{B10D59D6-674F-4DC1-9349-BD628EBD020C} = {FFAC4BE6-E66F-47F6-AC69-6BD137A457EF}
		{EAD30517-D319-40ED-9ECF-8BA7716FE22D} = {FFAC4BE6-E66F-47F6-AC69-6BD137A457EF}
		{35061F3E-77F1-4F24-8370-DAB3C2964B73} = {FFAC4BE6-E66F-47F6-AC69-6BD137A457EF}
		{7AF66CA0-0744-4953-AE14-A50A11F6E81F} = {FFAC4BE6-E66F-47F6-AC69-6BD137A457EF}
		{0C810974-3580-41CD-BF3F-E85CD9A53F6A} = {FFAC4BE6-E66F-47F6-AC69-6BD137A457EF}
	EndGlobalSection
EndGlobal
