
Microsoft Visual Studio Solution File, Format Version 12.00
# Visual Studio Version 17
VisualStudioVersion = 17.6.33717.318
MinimumVisualStudioVersion = 10.0.40219.1
Project("{2150E333-8FDC-42A3-9474-1A3956D46DE8}") = "Client", "Client", "{2D1834B6-48B7-48DC-8A50-175FDB361FD3}"
EndProject
Project("{9A19103F-16F7-4668-BE54-9A1E7A4F7556}") = "ClientCore", "Client\ClientCore\ClientCore.csproj", "{A84E9D9B-DE0D-4F59-A9A6-FAB500CD1812}"
EndProject
Project("{9A19103F-16F7-4668-BE54-9A1E7A4F7556}") = "SovereignClient", "Client\SovereignClient\SovereignClient.csproj", "{31F840DD-E698-449F-81F0-CD0314FE6DF7}"
EndProject
Project("{9A19103F-16F7-4668-BE54-9A1E7A4F7556}") = "VeldridRenderer", "Client\VeldridRenderer\VeldridRenderer.csproj", "{879996C6-7467-4FCA-9A57-71EF600D3BE7}"
EndProject
Project("{2150E333-8FDC-42A3-9474-1A3956D46DE8}") = "Common", "Common", "{A7AE4949-CD5D-4B09-BB44-C827278514C8}"
EndProject
Project("{9A19103F-16F7-4668-BE54-9A1E7A4F7556}") = "EngineCore", "Common\EngineCore\EngineCore.csproj", "{CD07EA04-7ABF-49EB-B1EE-8A8D92BAC111}"
EndProject
Project("{9A19103F-16F7-4668-BE54-9A1E7A4F7556}") = "EngineUtil", "Common\EngineUtil\EngineUtil.csproj", "{C5D2525F-982C-4F5C-B261-50AE523D3228}"
EndProject
Project("{9A19103F-16F7-4668-BE54-9A1E7A4F7556}") = "NetworkCore", "Common\NetworkCore\NetworkCore.csproj", "{82D87DD9-CFCA-4D7D-9093-6C7184F06FA9}"
EndProject
Project("{2150E333-8FDC-42A3-9474-1A3956D46DE8}") = "Server", "Server", "{B39882EF-9429-46E2-AEE4-69EF9DD360C6}"
EndProject
Project("{9A19103F-16F7-4668-BE54-9A1E7A4F7556}") = "Accounts", "Server\Accounts\Accounts.csproj", "{9EF97B05-CDB1-4143-8CD6-960CED679969}"
EndProject
Project("{9A19103F-16F7-4668-BE54-9A1E7A4F7556}") = "Persistence", "Server\Persistence\Persistence.csproj", "{E6A4D926-6A26-4F4F-AFE6-773E29C22B80}"
EndProject
Project("{9A19103F-16F7-4668-BE54-9A1E7A4F7556}") = "ServerCore", "Server\ServerCore\ServerCore.csproj", "{D22F5D56-4B7D-4354-9A87-C65735A5C863}"
EndProject
Project("{9A19103F-16F7-4668-BE54-9A1E7A4F7556}") = "ServerNetwork", "Server\ServerNetwork\ServerNetwork.csproj", "{E30AE410-77FD-4F5D-AC7E-2E6F00A9D0D1}"
EndProject
Project("{9A19103F-16F7-4668-BE54-9A1E7A4F7556}") = "SovereignServer", "Server\SovereignServer\SovereignServer.csproj", "{6D68E429-89BD-4C96-82FD-E8BA1C6AE550}"
EndProject
Project("{2150E333-8FDC-42A3-9474-1A3956D46DE8}") = "Util", "Util", "{A4C9EE75-3323-4BF8-AA48-67A022EF5FE9}"
EndProject
Project("{FAE04EC0-301F-11D3-BF4B-00C04F79EFBC}") = "EcsBenchmark", "Util\EcsBenchmark\EcsBenchmark.csproj", "{FEA0D1F3-1C75-4D0F-9DCA-C2E8CFB62AA7}"
EndProject
Project("{FAE04EC0-301F-11D3-BF4B-00C04F79EFBC}") = "BlockAddBenchmark", "Util\BlockAddBenchmark\BlockAddBenchmark.csproj", "{0FD3E0D5-A2FF-44FE-B218-A4F52D1A4B9C}"
EndProject
Project("{FAE04EC0-301F-11D3-BF4B-00C04F79EFBC}") = "UpdaterCore", "Common\UpdaterCore\UpdaterCore.csproj", "{AE6B9FDB-4CFB-464E-8C30-FD8EC2FD05C5}"
EndProject
Project("{FAE04EC0-301F-11D3-BF4B-00C04F79EFBC}") = "CreateUpdaterResourceSet", "Util\CreateUpdaterResourceSet\CreateUpdaterResourceSet.csproj", "{E5293E86-C967-44D2-99D2-19CDC17DF7B7}"
EndProject
Project("{FAE04EC0-301F-11D3-BF4B-00C04F79EFBC}") = "ScriptingGenerators", "Common\ScriptingGenerators\ScriptingGenerators.csproj", "{3671A04B-128E-48D7-B549-C0E63BA26E1C}"
EndProject
Project("{FAE04EC0-301F-11D3-BF4B-00C04F79EFBC}") = "Scripting", "Common\Scripting\Scripting.csproj", "{9F785FD3-520B-4D9E-B99E-964CD913515D}"
EndProject
Project("{2150E333-8FDC-42A3-9474-1A3956D46DE8}") = "Test", "Test", "{32FE3789-3F70-4119-B3F4-B35FADA42A33}"
EndProject
Project("{FAE04EC0-301F-11D3-BF4B-00C04F79EFBC}") = "TestEngineCore", "Test\TestEngineCore\TestEngineCore.csproj", "{DFBC99B9-3339-45DC-98BB-C5037070217C}"
EndProject
Project("{FAE04EC0-301F-11D3-BF4B-00C04F79EFBC}") = "TestEngineUtil", "Test\TestEngineUtil\TestEngineUtil.csproj", "{A2C3193B-7FF9-4653-A794-9C2D29B8B5BB}"
EndProject
Project("{FAE04EC0-301F-11D3-BF4B-00C04F79EFBC}") = "TestPersistence", "Test\TestPersistence\TestPersistence.csproj", "{D9EBA9FD-2B2D-4EDD-97EC-7B70B1786532}"
EndProject
Project("{FAE04EC0-301F-11D3-BF4B-00C04F79EFBC}") = "MockEngineCore", "Test\MockEngineCore\MockEngineCore.csproj", "{6D7CA1D5-442E-4007-B985-2123CF9524B7}"
EndProject
Global
	GlobalSection(SolutionConfigurationPlatforms) = preSolution
		Debug|Any CPU = Debug|Any CPU
		Debug|x64 = Debug|x64
		Debug|x86 = Debug|x86
		Release|Any CPU = Release|Any CPU
		Release|x64 = Release|x64
		Release|x86 = Release|x86
	EndGlobalSection
	GlobalSection(ProjectConfigurationPlatforms) = postSolution
		{A84E9D9B-DE0D-4F59-A9A6-FAB500CD1812}.Debug|Any CPU.ActiveCfg = Debug|Any CPU
		{A84E9D9B-DE0D-4F59-A9A6-FAB500CD1812}.Debug|Any CPU.Build.0 = Debug|Any CPU
		{A84E9D9B-DE0D-4F59-A9A6-FAB500CD1812}.Debug|x64.ActiveCfg = Debug|Any CPU
		{A84E9D9B-DE0D-4F59-A9A6-FAB500CD1812}.Debug|x64.Build.0 = Debug|Any CPU
		{A84E9D9B-DE0D-4F59-A9A6-FAB500CD1812}.Debug|x86.ActiveCfg = Debug|Any CPU
		{A84E9D9B-DE0D-4F59-A9A6-FAB500CD1812}.Debug|x86.Build.0 = Debug|Any CPU
		{A84E9D9B-DE0D-4F59-A9A6-FAB500CD1812}.Release|Any CPU.ActiveCfg = Release|Any CPU
		{A84E9D9B-DE0D-4F59-A9A6-FAB500CD1812}.Release|Any CPU.Build.0 = Release|Any CPU
		{A84E9D9B-DE0D-4F59-A9A6-FAB500CD1812}.Release|x64.ActiveCfg = Release|Any CPU
		{A84E9D9B-DE0D-4F59-A9A6-FAB500CD1812}.Release|x64.Build.0 = Release|Any CPU
		{A84E9D9B-DE0D-4F59-A9A6-FAB500CD1812}.Release|x86.ActiveCfg = Release|Any CPU
		{A84E9D9B-DE0D-4F59-A9A6-FAB500CD1812}.Release|x86.Build.0 = Release|Any CPU
		{31F840DD-E698-449F-81F0-CD0314FE6DF7}.Debug|Any CPU.ActiveCfg = Debug|Any CPU
		{31F840DD-E698-449F-81F0-CD0314FE6DF7}.Debug|Any CPU.Build.0 = Debug|Any CPU
		{31F840DD-E698-449F-81F0-CD0314FE6DF7}.Debug|x64.ActiveCfg = Debug|Any CPU
		{31F840DD-E698-449F-81F0-CD0314FE6DF7}.Debug|x64.Build.0 = Debug|Any CPU
		{31F840DD-E698-449F-81F0-CD0314FE6DF7}.Debug|x86.ActiveCfg = Debug|Any CPU
		{31F840DD-E698-449F-81F0-CD0314FE6DF7}.Debug|x86.Build.0 = Debug|Any CPU
		{31F840DD-E698-449F-81F0-CD0314FE6DF7}.Release|Any CPU.ActiveCfg = Release|Any CPU
		{31F840DD-E698-449F-81F0-CD0314FE6DF7}.Release|Any CPU.Build.0 = Release|Any CPU
		{31F840DD-E698-449F-81F0-CD0314FE6DF7}.Release|x64.ActiveCfg = Release|Any CPU
		{31F840DD-E698-449F-81F0-CD0314FE6DF7}.Release|x64.Build.0 = Release|Any CPU
		{31F840DD-E698-449F-81F0-CD0314FE6DF7}.Release|x86.ActiveCfg = Release|Any CPU
		{31F840DD-E698-449F-81F0-CD0314FE6DF7}.Release|x86.Build.0 = Release|Any CPU
		{879996C6-7467-4FCA-9A57-71EF600D3BE7}.Debug|Any CPU.ActiveCfg = Debug|Any CPU
		{879996C6-7467-4FCA-9A57-71EF600D3BE7}.Debug|Any CPU.Build.0 = Debug|Any CPU
		{879996C6-7467-4FCA-9A57-71EF600D3BE7}.Debug|x64.ActiveCfg = Debug|Any CPU
		{879996C6-7467-4FCA-9A57-71EF600D3BE7}.Debug|x64.Build.0 = Debug|Any CPU
		{879996C6-7467-4FCA-9A57-71EF600D3BE7}.Debug|x86.ActiveCfg = Debug|Any CPU
		{879996C6-7467-4FCA-9A57-71EF600D3BE7}.Debug|x86.Build.0 = Debug|Any CPU
		{879996C6-7467-4FCA-9A57-71EF600D3BE7}.Release|Any CPU.ActiveCfg = Release|Any CPU
		{879996C6-7467-4FCA-9A57-71EF600D3BE7}.Release|Any CPU.Build.0 = Release|Any CPU
		{879996C6-7467-4FCA-9A57-71EF600D3BE7}.Release|x64.ActiveCfg = Release|Any CPU
		{879996C6-7467-4FCA-9A57-71EF600D3BE7}.Release|x64.Build.0 = Release|Any CPU
		{879996C6-7467-4FCA-9A57-71EF600D3BE7}.Release|x86.ActiveCfg = Release|Any CPU
		{879996C6-7467-4FCA-9A57-71EF600D3BE7}.Release|x86.Build.0 = Release|Any CPU
		{CD07EA04-7ABF-49EB-B1EE-8A8D92BAC111}.Debug|Any CPU.ActiveCfg = Debug|Any CPU
		{CD07EA04-7ABF-49EB-B1EE-8A8D92BAC111}.Debug|Any CPU.Build.0 = Debug|Any CPU
		{CD07EA04-7ABF-49EB-B1EE-8A8D92BAC111}.Debug|x64.ActiveCfg = Debug|Any CPU
		{CD07EA04-7ABF-49EB-B1EE-8A8D92BAC111}.Debug|x64.Build.0 = Debug|Any CPU
		{CD07EA04-7ABF-49EB-B1EE-8A8D92BAC111}.Debug|x86.ActiveCfg = Debug|Any CPU
		{CD07EA04-7ABF-49EB-B1EE-8A8D92BAC111}.Debug|x86.Build.0 = Debug|Any CPU
		{CD07EA04-7ABF-49EB-B1EE-8A8D92BAC111}.Release|Any CPU.ActiveCfg = Release|Any CPU
		{CD07EA04-7ABF-49EB-B1EE-8A8D92BAC111}.Release|Any CPU.Build.0 = Release|Any CPU
		{CD07EA04-7ABF-49EB-B1EE-8A8D92BAC111}.Release|x64.ActiveCfg = Release|Any CPU
		{CD07EA04-7ABF-49EB-B1EE-8A8D92BAC111}.Release|x64.Build.0 = Release|Any CPU
		{CD07EA04-7ABF-49EB-B1EE-8A8D92BAC111}.Release|x86.ActiveCfg = Release|Any CPU
		{CD07EA04-7ABF-49EB-B1EE-8A8D92BAC111}.Release|x86.Build.0 = Release|Any CPU
		{C5D2525F-982C-4F5C-B261-50AE523D3228}.Debug|Any CPU.ActiveCfg = Debug|Any CPU
		{C5D2525F-982C-4F5C-B261-50AE523D3228}.Debug|Any CPU.Build.0 = Debug|Any CPU
		{C5D2525F-982C-4F5C-B261-50AE523D3228}.Debug|x64.ActiveCfg = Debug|Any CPU
		{C5D2525F-982C-4F5C-B261-50AE523D3228}.Debug|x64.Build.0 = Debug|Any CPU
		{C5D2525F-982C-4F5C-B261-50AE523D3228}.Debug|x86.ActiveCfg = Debug|Any CPU
		{C5D2525F-982C-4F5C-B261-50AE523D3228}.Debug|x86.Build.0 = Debug|Any CPU
		{C5D2525F-982C-4F5C-B261-50AE523D3228}.Release|Any CPU.ActiveCfg = Release|Any CPU
		{C5D2525F-982C-4F5C-B261-50AE523D3228}.Release|Any CPU.Build.0 = Release|Any CPU
		{C5D2525F-982C-4F5C-B261-50AE523D3228}.Release|x64.ActiveCfg = Release|Any CPU
		{C5D2525F-982C-4F5C-B261-50AE523D3228}.Release|x64.Build.0 = Release|Any CPU
		{C5D2525F-982C-4F5C-B261-50AE523D3228}.Release|x86.ActiveCfg = Release|Any CPU
		{C5D2525F-982C-4F5C-B261-50AE523D3228}.Release|x86.Build.0 = Release|Any CPU
		{82D87DD9-CFCA-4D7D-9093-6C7184F06FA9}.Debug|Any CPU.ActiveCfg = Debug|Any CPU
		{82D87DD9-CFCA-4D7D-9093-6C7184F06FA9}.Debug|Any CPU.Build.0 = Debug|Any CPU
		{82D87DD9-CFCA-4D7D-9093-6C7184F06FA9}.Debug|x64.ActiveCfg = Debug|Any CPU
		{82D87DD9-CFCA-4D7D-9093-6C7184F06FA9}.Debug|x64.Build.0 = Debug|Any CPU
		{82D87DD9-CFCA-4D7D-9093-6C7184F06FA9}.Debug|x86.ActiveCfg = Debug|Any CPU
		{82D87DD9-CFCA-4D7D-9093-6C7184F06FA9}.Debug|x86.Build.0 = Debug|Any CPU
		{82D87DD9-CFCA-4D7D-9093-6C7184F06FA9}.Release|Any CPU.ActiveCfg = Release|Any CPU
		{82D87DD9-CFCA-4D7D-9093-6C7184F06FA9}.Release|Any CPU.Build.0 = Release|Any CPU
		{82D87DD9-CFCA-4D7D-9093-6C7184F06FA9}.Release|x64.ActiveCfg = Release|Any CPU
		{82D87DD9-CFCA-4D7D-9093-6C7184F06FA9}.Release|x64.Build.0 = Release|Any CPU
		{82D87DD9-CFCA-4D7D-9093-6C7184F06FA9}.Release|x86.ActiveCfg = Release|Any CPU
		{82D87DD9-CFCA-4D7D-9093-6C7184F06FA9}.Release|x86.Build.0 = Release|Any CPU
		{9EF97B05-CDB1-4143-8CD6-960CED679969}.Debug|Any CPU.ActiveCfg = Debug|Any CPU
		{9EF97B05-CDB1-4143-8CD6-960CED679969}.Debug|Any CPU.Build.0 = Debug|Any CPU
		{9EF97B05-CDB1-4143-8CD6-960CED679969}.Debug|x64.ActiveCfg = Debug|Any CPU
		{9EF97B05-CDB1-4143-8CD6-960CED679969}.Debug|x64.Build.0 = Debug|Any CPU
		{9EF97B05-CDB1-4143-8CD6-960CED679969}.Debug|x86.ActiveCfg = Debug|Any CPU
		{9EF97B05-CDB1-4143-8CD6-960CED679969}.Debug|x86.Build.0 = Debug|Any CPU
		{9EF97B05-CDB1-4143-8CD6-960CED679969}.Release|Any CPU.ActiveCfg = Release|Any CPU
		{9EF97B05-CDB1-4143-8CD6-960CED679969}.Release|Any CPU.Build.0 = Release|Any CPU
		{9EF97B05-CDB1-4143-8CD6-960CED679969}.Release|x64.ActiveCfg = Release|Any CPU
		{9EF97B05-CDB1-4143-8CD6-960CED679969}.Release|x64.Build.0 = Release|Any CPU
		{9EF97B05-CDB1-4143-8CD6-960CED679969}.Release|x86.ActiveCfg = Release|Any CPU
		{9EF97B05-CDB1-4143-8CD6-960CED679969}.Release|x86.Build.0 = Release|Any CPU
		{E6A4D926-6A26-4F4F-AFE6-773E29C22B80}.Debug|Any CPU.ActiveCfg = Debug|Any CPU
		{E6A4D926-6A26-4F4F-AFE6-773E29C22B80}.Debug|Any CPU.Build.0 = Debug|Any CPU
		{E6A4D926-6A26-4F4F-AFE6-773E29C22B80}.Debug|x64.ActiveCfg = Debug|Any CPU
		{E6A4D926-6A26-4F4F-AFE6-773E29C22B80}.Debug|x64.Build.0 = Debug|Any CPU
		{E6A4D926-6A26-4F4F-AFE6-773E29C22B80}.Debug|x86.ActiveCfg = Debug|Any CPU
		{E6A4D926-6A26-4F4F-AFE6-773E29C22B80}.Debug|x86.Build.0 = Debug|Any CPU
		{E6A4D926-6A26-4F4F-AFE6-773E29C22B80}.Release|Any CPU.ActiveCfg = Release|Any CPU
		{E6A4D926-6A26-4F4F-AFE6-773E29C22B80}.Release|Any CPU.Build.0 = Release|Any CPU
		{E6A4D926-6A26-4F4F-AFE6-773E29C22B80}.Release|x64.ActiveCfg = Release|Any CPU
		{E6A4D926-6A26-4F4F-AFE6-773E29C22B80}.Release|x64.Build.0 = Release|Any CPU
		{E6A4D926-6A26-4F4F-AFE6-773E29C22B80}.Release|x86.ActiveCfg = Release|Any CPU
		{E6A4D926-6A26-4F4F-AFE6-773E29C22B80}.Release|x86.Build.0 = Release|Any CPU
		{D22F5D56-4B7D-4354-9A87-C65735A5C863}.Debug|Any CPU.ActiveCfg = Debug|Any CPU
		{D22F5D56-4B7D-4354-9A87-C65735A5C863}.Debug|Any CPU.Build.0 = Debug|Any CPU
		{D22F5D56-4B7D-4354-9A87-C65735A5C863}.Debug|x64.ActiveCfg = Debug|Any CPU
		{D22F5D56-4B7D-4354-9A87-C65735A5C863}.Debug|x64.Build.0 = Debug|Any CPU
		{D22F5D56-4B7D-4354-9A87-C65735A5C863}.Debug|x86.ActiveCfg = Debug|Any CPU
		{D22F5D56-4B7D-4354-9A87-C65735A5C863}.Debug|x86.Build.0 = Debug|Any CPU
		{D22F5D56-4B7D-4354-9A87-C65735A5C863}.Release|Any CPU.ActiveCfg = Release|Any CPU
		{D22F5D56-4B7D-4354-9A87-C65735A5C863}.Release|Any CPU.Build.0 = Release|Any CPU
		{D22F5D56-4B7D-4354-9A87-C65735A5C863}.Release|x64.ActiveCfg = Release|Any CPU
		{D22F5D56-4B7D-4354-9A87-C65735A5C863}.Release|x64.Build.0 = Release|Any CPU
		{D22F5D56-4B7D-4354-9A87-C65735A5C863}.Release|x86.ActiveCfg = Release|Any CPU
		{D22F5D56-4B7D-4354-9A87-C65735A5C863}.Release|x86.Build.0 = Release|Any CPU
		{E30AE410-77FD-4F5D-AC7E-2E6F00A9D0D1}.Debug|Any CPU.ActiveCfg = Debug|Any CPU
		{E30AE410-77FD-4F5D-AC7E-2E6F00A9D0D1}.Debug|Any CPU.Build.0 = Debug|Any CPU
		{E30AE410-77FD-4F5D-AC7E-2E6F00A9D0D1}.Debug|x64.ActiveCfg = Debug|Any CPU
		{E30AE410-77FD-4F5D-AC7E-2E6F00A9D0D1}.Debug|x64.Build.0 = Debug|Any CPU
		{E30AE410-77FD-4F5D-AC7E-2E6F00A9D0D1}.Debug|x86.ActiveCfg = Debug|Any CPU
		{E30AE410-77FD-4F5D-AC7E-2E6F00A9D0D1}.Debug|x86.Build.0 = Debug|Any CPU
		{E30AE410-77FD-4F5D-AC7E-2E6F00A9D0D1}.Release|Any CPU.ActiveCfg = Release|Any CPU
		{E30AE410-77FD-4F5D-AC7E-2E6F00A9D0D1}.Release|Any CPU.Build.0 = Release|Any CPU
		{E30AE410-77FD-4F5D-AC7E-2E6F00A9D0D1}.Release|x64.ActiveCfg = Release|Any CPU
		{E30AE410-77FD-4F5D-AC7E-2E6F00A9D0D1}.Release|x64.Build.0 = Release|Any CPU
		{E30AE410-77FD-4F5D-AC7E-2E6F00A9D0D1}.Release|x86.ActiveCfg = Release|Any CPU
		{E30AE410-77FD-4F5D-AC7E-2E6F00A9D0D1}.Release|x86.Build.0 = Release|Any CPU
		{6D68E429-89BD-4C96-82FD-E8BA1C6AE550}.Debug|Any CPU.ActiveCfg = Debug|Any CPU
		{6D68E429-89BD-4C96-82FD-E8BA1C6AE550}.Debug|Any CPU.Build.0 = Debug|Any CPU
		{6D68E429-89BD-4C96-82FD-E8BA1C6AE550}.Debug|x64.ActiveCfg = Debug|Any CPU
		{6D68E429-89BD-4C96-82FD-E8BA1C6AE550}.Debug|x64.Build.0 = Debug|Any CPU
		{6D68E429-89BD-4C96-82FD-E8BA1C6AE550}.Debug|x86.ActiveCfg = Debug|Any CPU
		{6D68E429-89BD-4C96-82FD-E8BA1C6AE550}.Debug|x86.Build.0 = Debug|Any CPU
		{6D68E429-89BD-4C96-82FD-E8BA1C6AE550}.Release|Any CPU.ActiveCfg = Release|Any CPU
		{6D68E429-89BD-4C96-82FD-E8BA1C6AE550}.Release|Any CPU.Build.0 = Release|Any CPU
		{6D68E429-89BD-4C96-82FD-E8BA1C6AE550}.Release|x64.ActiveCfg = Release|Any CPU
		{6D68E429-89BD-4C96-82FD-E8BA1C6AE550}.Release|x64.Build.0 = Release|Any CPU
		{6D68E429-89BD-4C96-82FD-E8BA1C6AE550}.Release|x86.ActiveCfg = Release|Any CPU
		{6D68E429-89BD-4C96-82FD-E8BA1C6AE550}.Release|x86.Build.0 = Release|Any CPU
		{FEA0D1F3-1C75-4D0F-9DCA-C2E8CFB62AA7}.Debug|Any CPU.ActiveCfg = Debug|Any CPU
		{FEA0D1F3-1C75-4D0F-9DCA-C2E8CFB62AA7}.Debug|Any CPU.Build.0 = Debug|Any CPU
		{FEA0D1F3-1C75-4D0F-9DCA-C2E8CFB62AA7}.Debug|x64.ActiveCfg = Debug|Any CPU
		{FEA0D1F3-1C75-4D0F-9DCA-C2E8CFB62AA7}.Debug|x64.Build.0 = Debug|Any CPU
		{FEA0D1F3-1C75-4D0F-9DCA-C2E8CFB62AA7}.Debug|x86.ActiveCfg = Debug|Any CPU
		{FEA0D1F3-1C75-4D0F-9DCA-C2E8CFB62AA7}.Debug|x86.Build.0 = Debug|Any CPU
		{FEA0D1F3-1C75-4D0F-9DCA-C2E8CFB62AA7}.Release|Any CPU.ActiveCfg = Release|Any CPU
		{FEA0D1F3-1C75-4D0F-9DCA-C2E8CFB62AA7}.Release|Any CPU.Build.0 = Release|Any CPU
		{FEA0D1F3-1C75-4D0F-9DCA-C2E8CFB62AA7}.Release|x64.ActiveCfg = Release|Any CPU
		{FEA0D1F3-1C75-4D0F-9DCA-C2E8CFB62AA7}.Release|x64.Build.0 = Release|Any CPU
		{FEA0D1F3-1C75-4D0F-9DCA-C2E8CFB62AA7}.Release|x86.ActiveCfg = Release|Any CPU
		{FEA0D1F3-1C75-4D0F-9DCA-C2E8CFB62AA7}.Release|x86.Build.0 = Release|Any CPU
		{0FD3E0D5-A2FF-44FE-B218-A4F52D1A4B9C}.Debug|Any CPU.ActiveCfg = Debug|Any CPU
		{0FD3E0D5-A2FF-44FE-B218-A4F52D1A4B9C}.Debug|Any CPU.Build.0 = Debug|Any CPU
		{0FD3E0D5-A2FF-44FE-B218-A4F52D1A4B9C}.Debug|x64.ActiveCfg = Debug|Any CPU
		{0FD3E0D5-A2FF-44FE-B218-A4F52D1A4B9C}.Debug|x64.Build.0 = Debug|Any CPU
		{0FD3E0D5-A2FF-44FE-B218-A4F52D1A4B9C}.Debug|x86.ActiveCfg = Debug|Any CPU
		{0FD3E0D5-A2FF-44FE-B218-A4F52D1A4B9C}.Debug|x86.Build.0 = Debug|Any CPU
		{0FD3E0D5-A2FF-44FE-B218-A4F52D1A4B9C}.Release|Any CPU.ActiveCfg = Release|Any CPU
		{0FD3E0D5-A2FF-44FE-B218-A4F52D1A4B9C}.Release|Any CPU.Build.0 = Release|Any CPU
		{0FD3E0D5-A2FF-44FE-B218-A4F52D1A4B9C}.Release|x64.ActiveCfg = Release|Any CPU
		{0FD3E0D5-A2FF-44FE-B218-A4F52D1A4B9C}.Release|x64.Build.0 = Release|Any CPU
		{0FD3E0D5-A2FF-44FE-B218-A4F52D1A4B9C}.Release|x86.ActiveCfg = Release|Any CPU
		{0FD3E0D5-A2FF-44FE-B218-A4F52D1A4B9C}.Release|x86.Build.0 = Release|Any CPU
		{AE6B9FDB-4CFB-464E-8C30-FD8EC2FD05C5}.Debug|Any CPU.ActiveCfg = Debug|Any CPU
		{AE6B9FDB-4CFB-464E-8C30-FD8EC2FD05C5}.Debug|Any CPU.Build.0 = Debug|Any CPU
		{AE6B9FDB-4CFB-464E-8C30-FD8EC2FD05C5}.Debug|x64.ActiveCfg = Debug|Any CPU
		{AE6B9FDB-4CFB-464E-8C30-FD8EC2FD05C5}.Debug|x64.Build.0 = Debug|Any CPU
		{AE6B9FDB-4CFB-464E-8C30-FD8EC2FD05C5}.Debug|x86.ActiveCfg = Debug|Any CPU
		{AE6B9FDB-4CFB-464E-8C30-FD8EC2FD05C5}.Debug|x86.Build.0 = Debug|Any CPU
		{AE6B9FDB-4CFB-464E-8C30-FD8EC2FD05C5}.Release|Any CPU.ActiveCfg = Release|Any CPU
		{AE6B9FDB-4CFB-464E-8C30-FD8EC2FD05C5}.Release|Any CPU.Build.0 = Release|Any CPU
		{AE6B9FDB-4CFB-464E-8C30-FD8EC2FD05C5}.Release|x64.ActiveCfg = Release|Any CPU
		{AE6B9FDB-4CFB-464E-8C30-FD8EC2FD05C5}.Release|x64.Build.0 = Release|Any CPU
		{AE6B9FDB-4CFB-464E-8C30-FD8EC2FD05C5}.Release|x86.ActiveCfg = Release|Any CPU
		{AE6B9FDB-4CFB-464E-8C30-FD8EC2FD05C5}.Release|x86.Build.0 = Release|Any CPU
		{E5293E86-C967-44D2-99D2-19CDC17DF7B7}.Debug|Any CPU.ActiveCfg = Debug|Any CPU
		{E5293E86-C967-44D2-99D2-19CDC17DF7B7}.Debug|Any CPU.Build.0 = Debug|Any CPU
		{E5293E86-C967-44D2-99D2-19CDC17DF7B7}.Debug|x64.ActiveCfg = Debug|Any CPU
		{E5293E86-C967-44D2-99D2-19CDC17DF7B7}.Debug|x64.Build.0 = Debug|Any CPU
		{E5293E86-C967-44D2-99D2-19CDC17DF7B7}.Debug|x86.ActiveCfg = Debug|Any CPU
		{E5293E86-C967-44D2-99D2-19CDC17DF7B7}.Debug|x86.Build.0 = Debug|Any CPU
		{E5293E86-C967-44D2-99D2-19CDC17DF7B7}.Release|Any CPU.ActiveCfg = Release|Any CPU
		{E5293E86-C967-44D2-99D2-19CDC17DF7B7}.Release|Any CPU.Build.0 = Release|Any CPU
		{E5293E86-C967-44D2-99D2-19CDC17DF7B7}.Release|x64.ActiveCfg = Release|Any CPU
		{E5293E86-C967-44D2-99D2-19CDC17DF7B7}.Release|x64.Build.0 = Release|Any CPU
		{E5293E86-C967-44D2-99D2-19CDC17DF7B7}.Release|x86.ActiveCfg = Release|Any CPU
		{E5293E86-C967-44D2-99D2-19CDC17DF7B7}.Release|x86.Build.0 = Release|Any CPU
		{3671A04B-128E-48D7-B549-C0E63BA26E1C}.Debug|Any CPU.ActiveCfg = Debug|Any CPU
		{3671A04B-128E-48D7-B549-C0E63BA26E1C}.Debug|Any CPU.Build.0 = Debug|Any CPU
		{3671A04B-128E-48D7-B549-C0E63BA26E1C}.Debug|x64.ActiveCfg = Debug|Any CPU
		{3671A04B-128E-48D7-B549-C0E63BA26E1C}.Debug|x64.Build.0 = Debug|Any CPU
		{3671A04B-128E-48D7-B549-C0E63BA26E1C}.Debug|x86.ActiveCfg = Debug|Any CPU
		{3671A04B-128E-48D7-B549-C0E63BA26E1C}.Debug|x86.Build.0 = Debug|Any CPU
		{3671A04B-128E-48D7-B549-C0E63BA26E1C}.Release|Any CPU.ActiveCfg = Release|Any CPU
		{3671A04B-128E-48D7-B549-C0E63BA26E1C}.Release|Any CPU.Build.0 = Release|Any CPU
		{3671A04B-128E-48D7-B549-C0E63BA26E1C}.Release|x64.ActiveCfg = Release|Any CPU
		{3671A04B-128E-48D7-B549-C0E63BA26E1C}.Release|x64.Build.0 = Release|Any CPU
		{3671A04B-128E-48D7-B549-C0E63BA26E1C}.Release|x86.ActiveCfg = Release|Any CPU
		{3671A04B-128E-48D7-B549-C0E63BA26E1C}.Release|x86.Build.0 = Release|Any CPU
		{9F785FD3-520B-4D9E-B99E-964CD913515D}.Debug|Any CPU.ActiveCfg = Debug|Any CPU
		{9F785FD3-520B-4D9E-B99E-964CD913515D}.Debug|Any CPU.Build.0 = Debug|Any CPU
		{9F785FD3-520B-4D9E-B99E-964CD913515D}.Debug|x64.ActiveCfg = Debug|Any CPU
		{9F785FD3-520B-4D9E-B99E-964CD913515D}.Debug|x64.Build.0 = Debug|Any CPU
		{9F785FD3-520B-4D9E-B99E-964CD913515D}.Debug|x86.ActiveCfg = Debug|Any CPU
		{9F785FD3-520B-4D9E-B99E-964CD913515D}.Debug|x86.Build.0 = Debug|Any CPU
		{9F785FD3-520B-4D9E-B99E-964CD913515D}.Release|Any CPU.ActiveCfg = Release|Any CPU
		{9F785FD3-520B-4D9E-B99E-964CD913515D}.Release|Any CPU.Build.0 = Release|Any CPU
		{9F785FD3-520B-4D9E-B99E-964CD913515D}.Release|x64.ActiveCfg = Release|Any CPU
		{9F785FD3-520B-4D9E-B99E-964CD913515D}.Release|x64.Build.0 = Release|Any CPU
		{9F785FD3-520B-4D9E-B99E-964CD913515D}.Release|x86.ActiveCfg = Release|Any CPU
		{9F785FD3-520B-4D9E-B99E-964CD913515D}.Release|x86.Build.0 = Release|Any CPU
		{DFBC99B9-3339-45DC-98BB-C5037070217C}.Debug|Any CPU.ActiveCfg = Debug|Any CPU
		{DFBC99B9-3339-45DC-98BB-C5037070217C}.Debug|Any CPU.Build.0 = Debug|Any CPU
		{DFBC99B9-3339-45DC-98BB-C5037070217C}.Debug|x64.ActiveCfg = Debug|Any CPU
		{DFBC99B9-3339-45DC-98BB-C5037070217C}.Debug|x64.Build.0 = Debug|Any CPU
		{DFBC99B9-3339-45DC-98BB-C5037070217C}.Debug|x86.ActiveCfg = Debug|Any CPU
		{DFBC99B9-3339-45DC-98BB-C5037070217C}.Debug|x86.Build.0 = Debug|Any CPU
		{DFBC99B9-3339-45DC-98BB-C5037070217C}.Release|Any CPU.ActiveCfg = Release|Any CPU
		{DFBC99B9-3339-45DC-98BB-C5037070217C}.Release|Any CPU.Build.0 = Release|Any CPU
		{DFBC99B9-3339-45DC-98BB-C5037070217C}.Release|x64.ActiveCfg = Release|Any CPU
		{DFBC99B9-3339-45DC-98BB-C5037070217C}.Release|x64.Build.0 = Release|Any CPU
		{DFBC99B9-3339-45DC-98BB-C5037070217C}.Release|x86.ActiveCfg = Release|Any CPU
		{DFBC99B9-3339-45DC-98BB-C5037070217C}.Release|x86.Build.0 = Release|Any CPU
		{A2C3193B-7FF9-4653-A794-9C2D29B8B5BB}.Debug|Any CPU.ActiveCfg = Debug|Any CPU
		{A2C3193B-7FF9-4653-A794-9C2D29B8B5BB}.Debug|Any CPU.Build.0 = Debug|Any CPU
		{A2C3193B-7FF9-4653-A794-9C2D29B8B5BB}.Debug|x64.ActiveCfg = Debug|Any CPU
		{A2C3193B-7FF9-4653-A794-9C2D29B8B5BB}.Debug|x64.Build.0 = Debug|Any CPU
		{A2C3193B-7FF9-4653-A794-9C2D29B8B5BB}.Debug|x86.ActiveCfg = Debug|Any CPU
		{A2C3193B-7FF9-4653-A794-9C2D29B8B5BB}.Debug|x86.Build.0 = Debug|Any CPU
		{A2C3193B-7FF9-4653-A794-9C2D29B8B5BB}.Release|Any CPU.ActiveCfg = Release|Any CPU
		{A2C3193B-7FF9-4653-A794-9C2D29B8B5BB}.Release|Any CPU.Build.0 = Release|Any CPU
		{A2C3193B-7FF9-4653-A794-9C2D29B8B5BB}.Release|x64.ActiveCfg = Release|Any CPU
		{A2C3193B-7FF9-4653-A794-9C2D29B8B5BB}.Release|x64.Build.0 = Release|Any CPU
		{A2C3193B-7FF9-4653-A794-9C2D29B8B5BB}.Release|x86.ActiveCfg = Release|Any CPU
		{A2C3193B-7FF9-4653-A794-9C2D29B8B5BB}.Release|x86.Build.0 = Release|Any CPU
		{D9EBA9FD-2B2D-4EDD-97EC-7B70B1786532}.Debug|Any CPU.ActiveCfg = Debug|Any CPU
		{D9EBA9FD-2B2D-4EDD-97EC-7B70B1786532}.Debug|Any CPU.Build.0 = Debug|Any CPU
		{D9EBA9FD-2B2D-4EDD-97EC-7B70B1786532}.Debug|x64.ActiveCfg = Debug|Any CPU
		{D9EBA9FD-2B2D-4EDD-97EC-7B70B1786532}.Debug|x64.Build.0 = Debug|Any CPU
		{D9EBA9FD-2B2D-4EDD-97EC-7B70B1786532}.Debug|x86.ActiveCfg = Debug|Any CPU
		{D9EBA9FD-2B2D-4EDD-97EC-7B70B1786532}.Debug|x86.Build.0 = Debug|Any CPU
		{D9EBA9FD-2B2D-4EDD-97EC-7B70B1786532}.Release|Any CPU.ActiveCfg = Release|Any CPU
		{D9EBA9FD-2B2D-4EDD-97EC-7B70B1786532}.Release|Any CPU.Build.0 = Release|Any CPU
		{D9EBA9FD-2B2D-4EDD-97EC-7B70B1786532}.Release|x64.ActiveCfg = Release|Any CPU
		{D9EBA9FD-2B2D-4EDD-97EC-7B70B1786532}.Release|x64.Build.0 = Release|Any CPU
		{D9EBA9FD-2B2D-4EDD-97EC-7B70B1786532}.Release|x86.ActiveCfg = Release|Any CPU
		{D9EBA9FD-2B2D-4EDD-97EC-7B70B1786532}.Release|x86.Build.0 = Release|Any CPU
		{6D7CA1D5-442E-4007-B985-2123CF9524B7}.Debug|Any CPU.ActiveCfg = Debug|Any CPU
		{6D7CA1D5-442E-4007-B985-2123CF9524B7}.Debug|Any CPU.Build.0 = Debug|Any CPU
		{6D7CA1D5-442E-4007-B985-2123CF9524B7}.Debug|x64.ActiveCfg = Debug|Any CPU
		{6D7CA1D5-442E-4007-B985-2123CF9524B7}.Debug|x64.Build.0 = Debug|Any CPU
		{6D7CA1D5-442E-4007-B985-2123CF9524B7}.Debug|x86.ActiveCfg = Debug|Any CPU
		{6D7CA1D5-442E-4007-B985-2123CF9524B7}.Debug|x86.Build.0 = Debug|Any CPU
		{6D7CA1D5-442E-4007-B985-2123CF9524B7}.Release|Any CPU.ActiveCfg = Release|Any CPU
		{6D7CA1D5-442E-4007-B985-2123CF9524B7}.Release|Any CPU.Build.0 = Release|Any CPU
		{6D7CA1D5-442E-4007-B985-2123CF9524B7}.Release|x64.ActiveCfg = Release|Any CPU
		{6D7CA1D5-442E-4007-B985-2123CF9524B7}.Release|x64.Build.0 = Release|Any CPU
		{6D7CA1D5-442E-4007-B985-2123CF9524B7}.Release|x86.ActiveCfg = Release|Any CPU
		{6D7CA1D5-442E-4007-B985-2123CF9524B7}.Release|x86.Build.0 = Release|Any CPU
	EndGlobalSection
	GlobalSection(SolutionProperties) = preSolution
		HideSolutionNode = FALSE
	EndGlobalSection
	GlobalSection(NestedProjects) = preSolution
		{A84E9D9B-DE0D-4F59-A9A6-FAB500CD1812} = {2D1834B6-48B7-48DC-8A50-175FDB361FD3}
		{31F840DD-E698-449F-81F0-CD0314FE6DF7} = {2D1834B6-48B7-48DC-8A50-175FDB361FD3}
		{879996C6-7467-4FCA-9A57-71EF600D3BE7} = {2D1834B6-48B7-48DC-8A50-175FDB361FD3}
		{CD07EA04-7ABF-49EB-B1EE-8A8D92BAC111} = {A7AE4949-CD5D-4B09-BB44-C827278514C8}
		{C5D2525F-982C-4F5C-B261-50AE523D3228} = {A7AE4949-CD5D-4B09-BB44-C827278514C8}
		{82D87DD9-CFCA-4D7D-9093-6C7184F06FA9} = {A7AE4949-CD5D-4B09-BB44-C827278514C8}
		{9EF97B05-CDB1-4143-8CD6-960CED679969} = {B39882EF-9429-46E2-AEE4-69EF9DD360C6}
		{E6A4D926-6A26-4F4F-AFE6-773E29C22B80} = {B39882EF-9429-46E2-AEE4-69EF9DD360C6}
		{D22F5D56-4B7D-4354-9A87-C65735A5C863} = {B39882EF-9429-46E2-AEE4-69EF9DD360C6}
		{E30AE410-77FD-4F5D-AC7E-2E6F00A9D0D1} = {B39882EF-9429-46E2-AEE4-69EF9DD360C6}
		{6D68E429-89BD-4C96-82FD-E8BA1C6AE550} = {B39882EF-9429-46E2-AEE4-69EF9DD360C6}
		{FEA0D1F3-1C75-4D0F-9DCA-C2E8CFB62AA7} = {A4C9EE75-3323-4BF8-AA48-67A022EF5FE9}
		{0FD3E0D5-A2FF-44FE-B218-A4F52D1A4B9C} = {A4C9EE75-3323-4BF8-AA48-67A022EF5FE9}
		{AE6B9FDB-4CFB-464E-8C30-FD8EC2FD05C5} = {A7AE4949-CD5D-4B09-BB44-C827278514C8}
		{E5293E86-C967-44D2-99D2-19CDC17DF7B7} = {A4C9EE75-3323-4BF8-AA48-67A022EF5FE9}
		{3671A04B-128E-48D7-B549-C0E63BA26E1C} = {A7AE4949-CD5D-4B09-BB44-C827278514C8}
		{9F785FD3-520B-4D9E-B99E-964CD913515D} = {A7AE4949-CD5D-4B09-BB44-C827278514C8}
		{DFBC99B9-3339-45DC-98BB-C5037070217C} = {32FE3789-3F70-4119-B3F4-B35FADA42A33}
		{A2C3193B-7FF9-4653-A794-9C2D29B8B5BB} = {32FE3789-3F70-4119-B3F4-B35FADA42A33}
		{D9EBA9FD-2B2D-4EDD-97EC-7B70B1786532} = {32FE3789-3F70-4119-B3F4-B35FADA42A33}
		{6D7CA1D5-442E-4007-B985-2123CF9524B7} = {32FE3789-3F70-4119-B3F4-B35FADA42A33}
	EndGlobalSection
	GlobalSection(ExtensibilityGlobals) = postSolution
		SolutionGuid = {20D431D9-0FD8-469F-95BB-5899DC2CA35A}
	EndGlobalSection
EndGlobal
